PODS:
  - Alamofire (5.6.4)
  - ChatsList (0.1.0)
  - CompanyMessangerCore (0.1.0)
  - CompanyMessangerResources (0.1.0):
    - CompanyMessangerCore
  - CompanyMessangerUIKit (0.1.0)
  - Home (0.1.0)
  - Profile (0.1.0)
  - SnapKit (5.6.0)

DEPENDENCIES:
  - Alamofire
  - ChatsList (from `LocalPods/Features/ChatsList`)
  - CompanyMessangerCore (from `LocalPods/CompanyMessangerCore`)
  - CompanyMessangerResources (from `LocalPods/CompanyMessangerResources`)
  - CompanyMessangerUIKit (from `LocalPods/CompanyMessangerUIKit`)
  - Home (from `LocalPods/Features/Home`)
  - Profile (from `LocalPods/Features/Profile`)
  - SnapKit (~> 5.6.0)

SPEC REPOS:
  trunk:
    - Alamofire
    - SnapKit

EXTERNAL SOURCES:
  ChatsList:
    :path: LocalPods/Features/ChatsList
  CompanyMessangerCore:
    :path: LocalPods/CompanyMessangerCore
  CompanyMessangerResources:
    :path: LocalPods/CompanyMessangerResources
  CompanyMessangerUIKit:
    :path: LocalPods/CompanyMessangerUIKit
  Home:
    :path: LocalPods/Features/Home
  Profile:
    :path: LocalPods/Features/Profile

SPEC CHECKSUMS:
  Alamofire: 4e95d97098eacb88856099c4fc79b526a299e48c
  ChatsList: 165a5a4994c7c7cfd8a04ebfc84700892f08eed0
  CompanyMessangerCore: 3a1db58e2f8b20c53e38eb8b79b72f32f27c60b0
  CompanyMessangerResources: ecd8fe3b23cedd7482abf5ed5b768c3c060f1856
  CompanyMessangerUIKit: 6d34474593a751b50bf4f9ce019762232a05ba3a
  Home: 434a494fd613dedde4cbefec6e78525ad7c25792
  Profile: 835bf818e62183760e80b6d2d63ee0bebf96bfe8
  SnapKit: e01d52ebb8ddbc333eefe2132acf85c8227d9c25

PODFILE CHECKSUM: ef0ff0d20437e9ea314d88ac9f7477ade488f7a8

COCOAPODS: 1.12.1
