// !$*UTF8*$!
{
	archiveVersion = 1;
	classes = {
	};
	objectVersion = 56;
	objects = {

/* Begin PBXBuildFile section */
		04D467C829F0600B00C81E63 /* AppDelegate.swift in Sources */ = {isa = PBXBuildFile; fileRef = 04D467C729F0600B00C81E63 /* AppDelegate.swift */; };
		04D467CA29F0600B00C81E63 /* SceneDelegate.swift in Sources */ = {isa = PBXBuildFile; fileRef = 04D467C929F0600B00C81E63 /* SceneDelegate.swift */; };
		04D467CC29F0600B00C81E63 /* ViewController.swift in Sources */ = {isa = PBXBuildFile; fileRef = 04D467CB29F0600B00C81E63 /* ViewController.swift */; };
		04D467CF29F0600B00C81E63 /* Main.storyboard in Resources */ = {isa = PBXBuildFile; fileRef = 04D467CD29F0600B00C81E63 /* Main.storyboard */; };
		04D467D229F0600B00C81E63 /* CompanyMessanger.xcdatamodeld in Sources */ = {isa = PBXBuildFile; fileRef = 04D467D029F0600B00C81E63 /* CompanyMessanger.xcdatamodeld */; };
		04D467D429F0600B00C81E63 /* Assets.xcassets in Resources */ = {isa = PBXBuildFile; fileRef = 04D467D329F0600B00C81E63 /* Assets.xcassets */; };
		04D467D729F0600B00C81E63 /* LaunchScreen.storyboard in Resources */ = {isa = PBXBuildFile; fileRef = 04D467D529F0600B00C81E63 /* LaunchScreen.storyboard */; };
		04D467E229F0600C00C81E63 /* CompanyMessangerTests.swift in Sources */ = {isa = PBXBuildFile; fileRef = 04D467E129F0600C00C81E63 /* CompanyMessangerTests.swift */; };
		04D467EC29F0600C00C81E63 /* CompanyMessangerUITests.swift in Sources */ = {isa = PBXBuildFile; fileRef = 04D467EB29F0600C00C81E63 /* CompanyMessangerUITests.swift */; };
		04D467EE29F0600C00C81E63 /* CompanyMessangerUITestsLaunchTests.swift in Sources */ = {isa = PBXBuildFile; fileRef = 04D467ED29F0600C00C81E63 /* CompanyMessangerUITestsLaunchTests.swift */; };
		52CBA0D5E665FF87591E543F /* Pods_CompanyMessanger.framework in Frameworks */ = {isa = PBXBuildFile; fileRef = E4C8394FE130385F7AA69032 /* Pods_CompanyMessanger.framework */; };
		5A28711EA3CB30BE25C5A3E8 /* Pods_CompanyMessanger_CompanyMessangerUITests.framework in Frameworks */ = {isa = PBXBuildFile; fileRef = 3648ABFCF3E751201988E076 /* Pods_CompanyMessanger_CompanyMessangerUITests.framework */; };
		A51BCEC190DCB544EA643B72 /* Pods_CompanyMessangerTests.framework in Frameworks */ = {isa = PBXBuildFile; fileRef = E4BE5AB9BEA35CD4E44D411A /* Pods_CompanyMessangerTests.framework */; };
/* End PBXBuildFile section */

/* Begin PBXContainerItemProxy section */
		04D467DE29F0600C00C81E63 /* PBXContainerItemProxy */ = {
			isa = PBXContainerItemProxy;
			containerPortal = 04D467BC29F0600B00C81E63 /* Project object */;
			proxyType = 1;
			remoteGlobalIDString = 04D467C329F0600B00C81E63;
			remoteInfo = CompanyMessanger;
		};
		04D467E829F0600C00C81E63 /* PBXContainerItemProxy */ = {
			isa = PBXContainerItemProxy;
			containerPortal = 04D467BC29F0600B00C81E63 /* Project object */;
			proxyType = 1;
			remoteGlobalIDString = 04D467C329F0600B00C81E63;
			remoteInfo = CompanyMessanger;
		};
/* End PBXContainerItemProxy section */

/* Begin PBXFileReference section */
		045BA6D629F490AE005E99A4 /* UINavigationController.swift */ = {isa = PBXFileReference; lastKnownFileType = sourcecode.swift; path = UINavigationController.swift; sourceTree = "<group>"; };
		045BA6D829F490EE005E99A4 /* UIView.swift */ = {isa = PBXFileReference; lastKnownFileType = sourcecode.swift; path = UIView.swift; sourceTree = "<group>"; };
		04D467C429F0600B00C81E63 /* CompanyMessanger.app */ = {isa = PBXFileReference; explicitFileType = wrapper.application; includeInIndex = 0; path = CompanyMessanger.app; sourceTree = BUILT_PRODUCTS_DIR; };
		04D467C729F0600B00C81E63 /* AppDelegate.swift */ = {isa = PBXFileReference; lastKnownFileType = sourcecode.swift; path = AppDelegate.swift; sourceTree = "<group>"; };
		04D467C929F0600B00C81E63 /* SceneDelegate.swift */ = {isa = PBXFileReference; lastKnownFileType = sourcecode.swift; path = SceneDelegate.swift; sourceTree = "<group>"; };
		04D467CB29F0600B00C81E63 /* ViewController.swift */ = {isa = PBXFileReference; lastKnownFileType = sourcecode.swift; path = ViewController.swift; sourceTree = "<group>"; };
		04D467CE29F0600B00C81E63 /* Base */ = {isa = PBXFileReference; lastKnownFileType = file.storyboard; name = Base; path = Base.lproj/Main.storyboard; sourceTree = "<group>"; };
		04D467D129F0600B00C81E63 /* CompanyMessanger.xcdatamodel */ = {isa = PBXFileReference; lastKnownFileType = wrapper.xcdatamodel; path = CompanyMessanger.xcdatamodel; sourceTree = "<group>"; };
		04D467D329F0600B00C81E63 /* Assets.xcassets */ = {isa = PBXFileReference; lastKnownFileType = folder.assetcatalog; path = Assets.xcassets; sourceTree = "<group>"; };
		04D467D629F0600B00C81E63 /* Base */ = {isa = PBXFileReference; lastKnownFileType = file.storyboard; name = Base; path = Base.lproj/LaunchScreen.storyboard; sourceTree = "<group>"; };
		04D467D829F0600B00C81E63 /* Info.plist */ = {isa = PBXFileReference; lastKnownFileType = text.plist.xml; path = Info.plist; sourceTree = "<group>"; };
		04D467DD29F0600C00C81E63 /* CompanyMessangerTests.xctest */ = {isa = PBXFileReference; explicitFileType = wrapper.cfbundle; includeInIndex = 0; path = CompanyMessangerTests.xctest; sourceTree = BUILT_PRODUCTS_DIR; };
		04D467E129F0600C00C81E63 /* CompanyMessangerTests.swift */ = {isa = PBXFileReference; lastKnownFileType = sourcecode.swift; path = CompanyMessangerTests.swift; sourceTree = "<group>"; };
		04D467E729F0600C00C81E63 /* CompanyMessangerUITests.xctest */ = {isa = PBXFileReference; explicitFileType = wrapper.cfbundle; includeInIndex = 0; path = CompanyMessangerUITests.xctest; sourceTree = BUILT_PRODUCTS_DIR; };
		04D467EB29F0600C00C81E63 /* CompanyMessangerUITests.swift */ = {isa = PBXFileReference; lastKnownFileType = sourcecode.swift; path = CompanyMessangerUITests.swift; sourceTree = "<group>"; };
		04D467ED29F0600C00C81E63 /* CompanyMessangerUITestsLaunchTests.swift */ = {isa = PBXFileReference; lastKnownFileType = sourcecode.swift; path = CompanyMessangerUITestsLaunchTests.swift; sourceTree = "<group>"; };
		04F5730429F466160013BB49 /* CompanyMessangerCore.podspec */ = {isa = PBXFileReference; lastKnownFileType = text; path = CompanyMessangerCore.podspec; sourceTree = "<group>"; };
		04F5730829F474E20013BB49 /* BaseCoordinator.swift */ = {isa = PBXFileReference; lastKnownFileType = sourcecode.swift; path = BaseCoordinator.swift; sourceTree = "<group>"; };
		04F5730C29F477130013BB49 /* TransitionHandler.swift */ = {isa = PBXFileReference; lastKnownFileType = sourcecode.swift; path = TransitionHandler.swift; sourceTree = "<group>"; };
		04F5730D29F477350013BB49 /* TransitionHandler+DefaultImplementation.swift */ = {isa = PBXFileReference; lastKnownFileType = sourcecode.swift; path = "TransitionHandler+DefaultImplementation.swift"; sourceTree = "<group>"; };
		04F5730E29F477630013BB49 /* TransitionHandler+UIViewControllerImplementation.swift */ = {isa = PBXFileReference; lastKnownFileType = sourcecode.swift; path = "TransitionHandler+UIViewControllerImplementation.swift"; sourceTree = "<group>"; };
		04F5731029F478470013BB49 /* CompanyMessangerUIKIt.podspec */ = {isa = PBXFileReference; lastKnownFileType = text; path = CompanyMessangerUIKIt.podspec; sourceTree = "<group>"; };
		04F5731429F478AF0013BB49 /* UIView.swift */ = {isa = PBXFileReference; lastKnownFileType = sourcecode.swift; path = UIView.swift; sourceTree = "<group>"; };
		04F5731629F47A640013BB49 /* Configurable.swift */ = {isa = PBXFileReference; lastKnownFileType = sourcecode.swift; path = Configurable.swift; sourceTree = "<group>"; };
		04F5731829F47B860013BB49 /* Closures.swift */ = {isa = PBXFileReference; lastKnownFileType = sourcecode.swift; path = Closures.swift; sourceTree = "<group>"; };
		31D6C4E7BF59D9CB965BAA3C /* Pods-CompanyMessanger.debug.xcconfig */ = {isa = PBXFileReference; includeInIndex = 1; lastKnownFileType = text.xcconfig; name = "Pods-CompanyMessanger.debug.xcconfig"; path = "Target Support Files/Pods-CompanyMessanger/Pods-CompanyMessanger.debug.xcconfig"; sourceTree = "<group>"; };
		3648ABFCF3E751201988E076 /* Pods_CompanyMessanger_CompanyMessangerUITests.framework */ = {isa = PBXFileReference; explicitFileType = wrapper.framework; includeInIndex = 0; path = Pods_CompanyMessanger_CompanyMessangerUITests.framework; sourceTree = BUILT_PRODUCTS_DIR; };
		6715E1186DFFE0AFD6AB0074 /* Pods-CompanyMessangerTests.debug.xcconfig */ = {isa = PBXFileReference; includeInIndex = 1; lastKnownFileType = text.xcconfig; name = "Pods-CompanyMessangerTests.debug.xcconfig"; path = "Target Support Files/Pods-CompanyMessangerTests/Pods-CompanyMessangerTests.debug.xcconfig"; sourceTree = "<group>"; };
		8BCD09552E818419EEBD4B9E /* Pods-CompanyMessanger-CompanyMessangerUITests.debug.xcconfig */ = {isa = PBXFileReference; includeInIndex = 1; lastKnownFileType = text.xcconfig; name = "Pods-CompanyMessanger-CompanyMessangerUITests.debug.xcconfig"; path = "Target Support Files/Pods-CompanyMessanger-CompanyMessangerUITests/Pods-CompanyMessanger-CompanyMessangerUITests.debug.xcconfig"; sourceTree = "<group>"; };
		BFE36A1BDB12437E84A328D3 /* Pods-CompanyMessanger-CompanyMessangerUITests.release.xcconfig */ = {isa = PBXFileReference; includeInIndex = 1; lastKnownFileType = text.xcconfig; name = "Pods-CompanyMessanger-CompanyMessangerUITests.release.xcconfig"; path = "Target Support Files/Pods-CompanyMessanger-CompanyMessangerUITests/Pods-CompanyMessanger-CompanyMessangerUITests.release.xcconfig"; sourceTree = "<group>"; };
		C48B865B053B588FAC29BAA0 /* Pods-CompanyMessangerTests.release.xcconfig */ = {isa = PBXFileReference; includeInIndex = 1; lastKnownFileType = text.xcconfig; name = "Pods-CompanyMessangerTests.release.xcconfig"; path = "Target Support Files/Pods-CompanyMessangerTests/Pods-CompanyMessangerTests.release.xcconfig"; sourceTree = "<group>"; };
		DB95FBF70BECA0C14735EC3E /* Pods-CompanyMessanger.release.xcconfig */ = {isa = PBXFileReference; includeInIndex = 1; lastKnownFileType = text.xcconfig; name = "Pods-CompanyMessanger.release.xcconfig"; path = "Target Support Files/Pods-CompanyMessanger/Pods-CompanyMessanger.release.xcconfig"; sourceTree = "<group>"; };
		E4BE5AB9BEA35CD4E44D411A /* Pods_CompanyMessangerTests.framework */ = {isa = PBXFileReference; explicitFileType = wrapper.framework; includeInIndex = 0; path = Pods_CompanyMessangerTests.framework; sourceTree = BUILT_PRODUCTS_DIR; };
		E4C8394FE130385F7AA69032 /* Pods_CompanyMessanger.framework */ = {isa = PBXFileReference; explicitFileType = wrapper.framework; includeInIndex = 0; path = Pods_CompanyMessanger.framework; sourceTree = BUILT_PRODUCTS_DIR; };
/* End PBXFileReference section */

/* Begin PBXFrameworksBuildPhase section */
		04D467C129F0600B00C81E63 /* Frameworks */ = {
			isa = PBXFrameworksBuildPhase;
			buildActionMask = 2147483647;
			files = (
				52CBA0D5E665FF87591E543F /* Pods_CompanyMessanger.framework in Frameworks */,
			);
			runOnlyForDeploymentPostprocessing = 0;
		};
		04D467DA29F0600C00C81E63 /* Frameworks */ = {
			isa = PBXFrameworksBuildPhase;
			buildActionMask = 2147483647;
			files = (
				A51BCEC190DCB544EA643B72 /* Pods_CompanyMessangerTests.framework in Frameworks */,
			);
			runOnlyForDeploymentPostprocessing = 0;
		};
		04D467E429F0600C00C81E63 /* Frameworks */ = {
			isa = PBXFrameworksBuildPhase;
			buildActionMask = 2147483647;
			files = (
				5A28711EA3CB30BE25C5A3E8 /* Pods_CompanyMessanger_CompanyMessangerUITests.framework in Frameworks */,
			);
			runOnlyForDeploymentPostprocessing = 0;
		};
/* End PBXFrameworksBuildPhase section */

/* Begin PBXGroup section */
		045BA6D029F4876F005E99A4 /* CompanyMessangerCore */ = {
			isa = PBXGroup;
			children = (
				04F5730529F468EA0013BB49 /* Classes */,
				04F5730629F468F10013BB49 /* Resources */,
			);
			path = CompanyMessangerCore;
			sourceTree = "<group>";
		};
		045BA6D129F4878B005E99A4 /* CompanyMessangerUIKit */ = {
			isa = PBXGroup;
			children = (
				04F5731129F478650013BB49 /* Classes */,
				04F5731229F4786F0013BB49 /* Resources */,
			);
			path = CompanyMessangerUIKit;
			sourceTree = "<group>";
		};
		045BA6D729F490DA005E99A4 /* UIKit */ = {
			isa = PBXGroup;
			children = (
				045BA6D629F490AE005E99A4 /* UINavigationController.swift */,
				045BA6D829F490EE005E99A4 /* UIView.swift */,
			);
			path = UIKit;
			sourceTree = "<group>";
		};
		04D467BB29F0600B00C81E63 = {
			isa = PBXGroup;
			children = (
				04F5730029F4625D0013BB49 /* LocalPods */,
				04D467C629F0600B00C81E63 /* CompanyMessanger */,
				04D467E029F0600C00C81E63 /* CompanyMessangerTests */,
				04D467EA29F0600C00C81E63 /* CompanyMessangerUITests */,
				04D467C529F0600B00C81E63 /* Products */,
				90914AFE6687A5FE551D865D /* Pods */,
				252FA93803CBEE1D08BC9BC3 /* Frameworks */,
			);
			sourceTree = "<group>";
		};
		04D467C529F0600B00C81E63 /* Products */ = {
			isa = PBXGroup;
			children = (
				04D467C429F0600B00C81E63 /* CompanyMessanger.app */,
				04D467DD29F0600C00C81E63 /* CompanyMessangerTests.xctest */,
				04D467E729F0600C00C81E63 /* CompanyMessangerUITests.xctest */,
			);
			name = Products;
			sourceTree = "<group>";
		};
		04D467C629F0600B00C81E63 /* CompanyMessanger */ = {
			isa = PBXGroup;
			children = (
				04D467C729F0600B00C81E63 /* AppDelegate.swift */,
				04D467C929F0600B00C81E63 /* SceneDelegate.swift */,
				04D467CB29F0600B00C81E63 /* ViewController.swift */,
				04D467CD29F0600B00C81E63 /* Main.storyboard */,
				04D467D329F0600B00C81E63 /* Assets.xcassets */,
				04D467D529F0600B00C81E63 /* LaunchScreen.storyboard */,
				04D467D829F0600B00C81E63 /* Info.plist */,
				04D467D029F0600B00C81E63 /* CompanyMessanger.xcdatamodeld */,
			);
			path = CompanyMessanger;
			sourceTree = "<group>";
		};
		04D467E029F0600C00C81E63 /* CompanyMessangerTests */ = {
			isa = PBXGroup;
			children = (
				04D467E129F0600C00C81E63 /* CompanyMessangerTests.swift */,
			);
			path = CompanyMessangerTests;
			sourceTree = "<group>";
		};
		04D467EA29F0600C00C81E63 /* CompanyMessangerUITests */ = {
			isa = PBXGroup;
			children = (
				04D467EB29F0600C00C81E63 /* CompanyMessangerUITests.swift */,
				04D467ED29F0600C00C81E63 /* CompanyMessangerUITestsLaunchTests.swift */,
			);
			path = CompanyMessangerUITests;
			sourceTree = "<group>";
		};
		04F5730029F4625D0013BB49 /* LocalPods */ = {
			isa = PBXGroup;
			children = (
				04F5730229F4627C0013BB49 /* CompanyMessangerCore */,
				04F5730F29F4782A0013BB49 /* CompanyMessangerUIKit */,
				04F5730129F462730013BB49 /* Features */,
			);
			path = LocalPods;
			sourceTree = "<group>";
		};
		04F5730129F462730013BB49 /* Features */ = {
			isa = PBXGroup;
			children = (
			);
			path = Features;
			sourceTree = "<group>";
		};
		04F5730229F4627C0013BB49 /* CompanyMessangerCore */ = {
			isa = PBXGroup;
			children = (
				04F5730429F466160013BB49 /* CompanyMessangerCore.podspec */,
				045BA6D029F4876F005E99A4 /* CompanyMessangerCore */,
			);
			path = CompanyMessangerCore;
			sourceTree = "<group>";
		};
		04F5730529F468EA0013BB49 /* Classes */ = {
			isa = PBXGroup;
			children = (
				04F5731729F47B790013BB49 /* Common */,
				04F5730729F474C80013BB49 /* Coordinator */,
				04F5731529F47A4B0013BB49 /* Extensions */,
				04F5730929F476960013BB49 /* Routing */,
			);
			path = Classes;
			sourceTree = "<group>";
		};
		04F5730629F468F10013BB49 /* Resources */ = {
			isa = PBXGroup;
			children = (
			);
			path = Resources;
			sourceTree = "<group>";
		};
		04F5730729F474C80013BB49 /* Coordinator */ = {
			isa = PBXGroup;
			children = (
				04F5730829F474E20013BB49 /* BaseCoordinator.swift */,
			);
			path = Coordinator;
			sourceTree = "<group>";
		};
		04F5730929F476960013BB49 /* Routing */ = {
			isa = PBXGroup;
			children = (
				04F5730A29F476FA0013BB49 /* Base */,
			);
			path = Routing;
			sourceTree = "<group>";
		};
		04F5730A29F476FA0013BB49 /* Base */ = {
			isa = PBXGroup;
			children = (
				04F5730B29F476FE0013BB49 /* TransitionHandler */,
			);
			path = Base;
			sourceTree = "<group>";
		};
		04F5730B29F476FE0013BB49 /* TransitionHandler */ = {
			isa = PBXGroup;
			children = (
				04F5730C29F477130013BB49 /* TransitionHandler.swift */,
				04F5730D29F477350013BB49 /* TransitionHandler+DefaultImplementation.swift */,
				04F5730E29F477630013BB49 /* TransitionHandler+UIViewControllerImplementation.swift */,
			);
			path = TransitionHandler;
			sourceTree = "<group>";
		};
		04F5730F29F4782A0013BB49 /* CompanyMessangerUIKit */ = {
			isa = PBXGroup;
			children = (
				04F5731029F478470013BB49 /* CompanyMessangerUIKIt.podspec */,
				045BA6D129F4878B005E99A4 /* CompanyMessangerUIKit */,
			);
			path = CompanyMessangerUIKit;
			sourceTree = "<group>";
		};
		04F5731129F478650013BB49 /* Classes */ = {
			isa = PBXGroup;
			children = (
				04F5731329F478980013BB49 /* Extensions */,
			);
			path = Classes;
			sourceTree = "<group>";
		};
		04F5731229F4786F0013BB49 /* Resources */ = {
			isa = PBXGroup;
			children = (
			);
			path = Resources;
			sourceTree = "<group>";
		};
		04F5731329F478980013BB49 /* Extensions */ = {
			isa = PBXGroup;
			children = (
				04F5731429F478AF0013BB49 /* UIView.swift */,
			);
			path = Extensions;
			sourceTree = "<group>";
		};
		04F5731529F47A4B0013BB49 /* Extensions */ = {
			isa = PBXGroup;
			children = (
				045BA6D729F490DA005E99A4 /* UIKit */,
				04F5731629F47A640013BB49 /* Configurable.swift */,
			);
			path = Extensions;
			sourceTree = "<group>";
		};
		04F5731729F47B790013BB49 /* Common */ = {
			isa = PBXGroup;
			children = (
				04F5731829F47B860013BB49 /* Closures.swift */,
			);
			path = Common;
			sourceTree = "<group>";
		};
		252FA93803CBEE1D08BC9BC3 /* Frameworks */ = {
			isa = PBXGroup;
			children = (
				E4C8394FE130385F7AA69032 /* Pods_CompanyMessanger.framework */,
				3648ABFCF3E751201988E076 /* Pods_CompanyMessanger_CompanyMessangerUITests.framework */,
				E4BE5AB9BEA35CD4E44D411A /* Pods_CompanyMessangerTests.framework */,
			);
			name = Frameworks;
			sourceTree = "<group>";
		};
		90914AFE6687A5FE551D865D /* Pods */ = {
			isa = PBXGroup;
			children = (
				31D6C4E7BF59D9CB965BAA3C /* Pods-CompanyMessanger.debug.xcconfig */,
				DB95FBF70BECA0C14735EC3E /* Pods-CompanyMessanger.release.xcconfig */,
				8BCD09552E818419EEBD4B9E /* Pods-CompanyMessanger-CompanyMessangerUITests.debug.xcconfig */,
				BFE36A1BDB12437E84A328D3 /* Pods-CompanyMessanger-CompanyMessangerUITests.release.xcconfig */,
				6715E1186DFFE0AFD6AB0074 /* Pods-CompanyMessangerTests.debug.xcconfig */,
				C48B865B053B588FAC29BAA0 /* Pods-CompanyMessangerTests.release.xcconfig */,
			);
			path = Pods;
			sourceTree = "<group>";
		};
/* End PBXGroup section */

/* Begin PBXNativeTarget section */
		04D467C329F0600B00C81E63 /* CompanyMessanger */ = {
			isa = PBXNativeTarget;
			buildConfigurationList = 04D467F129F0600C00C81E63 /* Build configuration list for PBXNativeTarget "CompanyMessanger" */;
			buildPhases = (
				0AC6C1E8C70D05E1E2E9EEFD /* [CP] Check Pods Manifest.lock */,
				04D467C029F0600B00C81E63 /* Sources */,
				04D467C129F0600B00C81E63 /* Frameworks */,
				04D467C229F0600B00C81E63 /* Resources */,
				B419FAA27E81855509B2B1A3 /* [CP] Embed Pods Frameworks */,
			);
			buildRules = (
			);
			dependencies = (
			);
			name = CompanyMessanger;
			productName = CompanyMessanger;
			productReference = 04D467C429F0600B00C81E63 /* CompanyMessanger.app */;
			productType = "com.apple.product-type.application";
		};
		04D467DC29F0600C00C81E63 /* CompanyMessangerTests */ = {
			isa = PBXNativeTarget;
			buildConfigurationList = 04D467F429F0600C00C81E63 /* Build configuration list for PBXNativeTarget "CompanyMessangerTests" */;
			buildPhases = (
				B63AF3E1B3FBC78D192100AF /* [CP] Check Pods Manifest.lock */,
				04D467D929F0600C00C81E63 /* Sources */,
				04D467DA29F0600C00C81E63 /* Frameworks */,
				04D467DB29F0600C00C81E63 /* Resources */,
			);
			buildRules = (
			);
			dependencies = (
				04D467DF29F0600C00C81E63 /* PBXTargetDependency */,
			);
			name = CompanyMessangerTests;
			productName = CompanyMessangerTests;
			productReference = 04D467DD29F0600C00C81E63 /* CompanyMessangerTests.xctest */;
			productType = "com.apple.product-type.bundle.unit-test";
		};
		04D467E629F0600C00C81E63 /* CompanyMessangerUITests */ = {
			isa = PBXNativeTarget;
			buildConfigurationList = 04D467F729F0600C00C81E63 /* Build configuration list for PBXNativeTarget "CompanyMessangerUITests" */;
			buildPhases = (
				F2C27E01616D1D232427AAC0 /* [CP] Check Pods Manifest.lock */,
				04D467E329F0600C00C81E63 /* Sources */,
				04D467E429F0600C00C81E63 /* Frameworks */,
				04D467E529F0600C00C81E63 /* Resources */,
				3EC436543ACB0923D6D1F018 /* [CP] Embed Pods Frameworks */,
			);
			buildRules = (
			);
			dependencies = (
				04D467E929F0600C00C81E63 /* PBXTargetDependency */,
			);
			name = CompanyMessangerUITests;
			productName = CompanyMessangerUITests;
			productReference = 04D467E729F0600C00C81E63 /* CompanyMessangerUITests.xctest */;
			productType = "com.apple.product-type.bundle.ui-testing";
		};
/* End PBXNativeTarget section */

/* Begin PBXProject section */
		04D467BC29F0600B00C81E63 /* Project object */ = {
			isa = PBXProject;
			attributes = {
				BuildIndependentTargetsInParallel = 1;
				LastSwiftUpdateCheck = 1420;
				LastUpgradeCheck = 1420;
				TargetAttributes = {
					04D467C329F0600B00C81E63 = {
						CreatedOnToolsVersion = 14.2;
					};
					04D467DC29F0600C00C81E63 = {
						CreatedOnToolsVersion = 14.2;
						TestTargetID = 04D467C329F0600B00C81E63;
					};
					04D467E629F0600C00C81E63 = {
						CreatedOnToolsVersion = 14.2;
						TestTargetID = 04D467C329F0600B00C81E63;
					};
				};
			};
			buildConfigurationList = 04D467BF29F0600B00C81E63 /* Build configuration list for PBXProject "CompanyMessanger" */;
			compatibilityVersion = "Xcode 14.0";
			developmentRegion = en;
			hasScannedForEncodings = 0;
			knownRegions = (
				en,
				Base,
			);
			mainGroup = 04D467BB29F0600B00C81E63;
			productRefGroup = 04D467C529F0600B00C81E63 /* Products */;
			projectDirPath = "";
			projectRoot = "";
			targets = (
				04D467C329F0600B00C81E63 /* CompanyMessanger */,
				04D467DC29F0600C00C81E63 /* CompanyMessangerTests */,
				04D467E629F0600C00C81E63 /* CompanyMessangerUITests */,
			);
		};
/* End PBXProject section */

/* Begin PBXResourcesBuildPhase section */
		04D467C229F0600B00C81E63 /* Resources */ = {
			isa = PBXResourcesBuildPhase;
			buildActionMask = 2147483647;
			files = (
				04D467D729F0600B00C81E63 /* LaunchScreen.storyboard in Resources */,
				04D467D429F0600B00C81E63 /* Assets.xcassets in Resources */,
				04D467CF29F0600B00C81E63 /* Main.storyboard in Resources */,
			);
			runOnlyForDeploymentPostprocessing = 0;
		};
		04D467DB29F0600C00C81E63 /* Resources */ = {
			isa = PBXResourcesBuildPhase;
			buildActionMask = 2147483647;
			files = (
			);
			runOnlyForDeploymentPostprocessing = 0;
		};
		04D467E529F0600C00C81E63 /* Resources */ = {
			isa = PBXResourcesBuildPhase;
			buildActionMask = 2147483647;
			files = (
			);
			runOnlyForDeploymentPostprocessing = 0;
		};
/* End PBXResourcesBuildPhase section */

/* Begin PBXShellScriptBuildPhase section */
		0AC6C1E8C70D05E1E2E9EEFD /* [CP] Check Pods Manifest.lock */ = {
			isa = PBXShellScriptBuildPhase;
			buildActionMask = 2147483647;
			files = (
			);
			inputFileListPaths = (
			);
			inputPaths = (
				"${PODS_PODFILE_DIR_PATH}/Podfile.lock",
				"${PODS_ROOT}/Manifest.lock",
			);
			name = "[CP] Check Pods Manifest.lock";
			outputFileListPaths = (
			);
			outputPaths = (
				"$(DERIVED_FILE_DIR)/Pods-CompanyMessanger-checkManifestLockResult.txt",
			);
			runOnlyForDeploymentPostprocessing = 0;
			shellPath = /bin/sh;
			shellScript = "diff \"${PODS_PODFILE_DIR_PATH}/Podfile.lock\" \"${PODS_ROOT}/Manifest.lock\" > /dev/null\nif [ $? != 0 ] ; then\n    # print error to STDERR\n    echo \"error: The sandbox is not in sync with the Podfile.lock. Run 'pod install' or update your CocoaPods installation.\" >&2\n    exit 1\nfi\n# This output is used by Xcode 'outputs' to avoid re-running this script phase.\necho \"SUCCESS\" > \"${SCRIPT_OUTPUT_FILE_0}\"\n";
			showEnvVarsInLog = 0;
		};
		3EC436543ACB0923D6D1F018 /* [CP] Embed Pods Frameworks */ = {
			isa = PBXShellScriptBuildPhase;
			buildActionMask = 2147483647;
			files = (
			);
			inputFileListPaths = (
				"${PODS_ROOT}/Target Support Files/Pods-CompanyMessanger-CompanyMessangerUITests/Pods-CompanyMessanger-CompanyMessangerUITests-frameworks-${CONFIGURATION}-input-files.xcfilelist",
			);
			name = "[CP] Embed Pods Frameworks";
			outputFileListPaths = (
				"${PODS_ROOT}/Target Support Files/Pods-CompanyMessanger-CompanyMessangerUITests/Pods-CompanyMessanger-CompanyMessangerUITests-frameworks-${CONFIGURATION}-output-files.xcfilelist",
			);
			runOnlyForDeploymentPostprocessing = 0;
			shellPath = /bin/sh;
			shellScript = "\"${PODS_ROOT}/Target Support Files/Pods-CompanyMessanger-CompanyMessangerUITests/Pods-CompanyMessanger-CompanyMessangerUITests-frameworks.sh\"\n";
			showEnvVarsInLog = 0;
		};
		B419FAA27E81855509B2B1A3 /* [CP] Embed Pods Frameworks */ = {
			isa = PBXShellScriptBuildPhase;
			buildActionMask = 2147483647;
			files = (
			);
			inputFileListPaths = (
				"${PODS_ROOT}/Target Support Files/Pods-CompanyMessanger/Pods-CompanyMessanger-frameworks-${CONFIGURATION}-input-files.xcfilelist",
			);
			name = "[CP] Embed Pods Frameworks";
			outputFileListPaths = (
				"${PODS_ROOT}/Target Support Files/Pods-CompanyMessanger/Pods-CompanyMessanger-frameworks-${CONFIGURATION}-output-files.xcfilelist",
			);
			runOnlyForDeploymentPostprocessing = 0;
			shellPath = /bin/sh;
			shellScript = "\"${PODS_ROOT}/Target Support Files/Pods-CompanyMessanger/Pods-CompanyMessanger-frameworks.sh\"\n";
			showEnvVarsInLog = 0;
		};
		B63AF3E1B3FBC78D192100AF /* [CP] Check Pods Manifest.lock */ = {
			isa = PBXShellScriptBuildPhase;
			buildActionMask = 2147483647;
			files = (
			);
			inputFileListPaths = (
			);
			inputPaths = (
				"${PODS_PODFILE_DIR_PATH}/Podfile.lock",
				"${PODS_ROOT}/Manifest.lock",
			);
			name = "[CP] Check Pods Manifest.lock";
			outputFileListPaths = (
			);
			outputPaths = (
				"$(DERIVED_FILE_DIR)/Pods-CompanyMessangerTests-checkManifestLockResult.txt",
			);
			runOnlyForDeploymentPostprocessing = 0;
			shellPath = /bin/sh;
			shellScript = "diff \"${PODS_PODFILE_DIR_PATH}/Podfile.lock\" \"${PODS_ROOT}/Manifest.lock\" > /dev/null\nif [ $? != 0 ] ; then\n    # print error to STDERR\n    echo \"error: The sandbox is not in sync with the Podfile.lock. Run 'pod install' or update your CocoaPods installation.\" >&2\n    exit 1\nfi\n# This output is used by Xcode 'outputs' to avoid re-running this script phase.\necho \"SUCCESS\" > \"${SCRIPT_OUTPUT_FILE_0}\"\n";
			showEnvVarsInLog = 0;
		};
		F2C27E01616D1D232427AAC0 /* [CP] Check Pods Manifest.lock */ = {
			isa = PBXShellScriptBuildPhase;
			buildActionMask = 2147483647;
			files = (
			);
			inputFileListPaths = (
			);
			inputPaths = (
				"${PODS_PODFILE_DIR_PATH}/Podfile.lock",
				"${PODS_ROOT}/Manifest.lock",
			);
			name = "[CP] Check Pods Manifest.lock";
			outputFileListPaths = (
			);
			outputPaths = (
				"$(DERIVED_FILE_DIR)/Pods-CompanyMessanger-CompanyMessangerUITests-checkManifestLockResult.txt",
			);
			runOnlyForDeploymentPostprocessing = 0;
			shellPath = /bin/sh;
			shellScript = "diff \"${PODS_PODFILE_DIR_PATH}/Podfile.lock\" \"${PODS_ROOT}/Manifest.lock\" > /dev/null\nif [ $? != 0 ] ; then\n    # print error to STDERR\n    echo \"error: The sandbox is not in sync with the Podfile.lock. Run 'pod install' or update your CocoaPods installation.\" >&2\n    exit 1\nfi\n# This output is used by Xcode 'outputs' to avoid re-running this script phase.\necho \"SUCCESS\" > \"${SCRIPT_OUTPUT_FILE_0}\"\n";
			showEnvVarsInLog = 0;
		};
/* End PBXShellScriptBuildPhase section */

/* Begin PBXSourcesBuildPhase section */
		04D467C029F0600B00C81E63 /* Sources */ = {
			isa = PBXSourcesBuildPhase;
			buildActionMask = 2147483647;
			files = (
				04D467CC29F0600B00C81E63 /* ViewController.swift in Sources */,
				04D467D229F0600B00C81E63 /* CompanyMessanger.xcdatamodeld in Sources */,
				04D467C829F0600B00C81E63 /* AppDelegate.swift in Sources */,
				04D467CA29F0600B00C81E63 /* SceneDelegate.swift in Sources */,
			);
			runOnlyForDeploymentPostprocessing = 0;
		};
		04D467D929F0600C00C81E63 /* Sources */ = {
			isa = PBXSourcesBuildPhase;
			buildActionMask = 2147483647;
			files = (
				04D467E229F0600C00C81E63 /* CompanyMessangerTests.swift in Sources */,
			);
			runOnlyForDeploymentPostprocessing = 0;
		};
		04D467E329F0600C00C81E63 /* Sources */ = {
			isa = PBXSourcesBuildPhase;
			buildActionMask = 2147483647;
			files = (
				04D467EE29F0600C00C81E63 /* CompanyMessangerUITestsLaunchTests.swift in Sources */,
				04D467EC29F0600C00C81E63 /* CompanyMessangerUITests.swift in Sources */,
			);
			runOnlyForDeploymentPostprocessing = 0;
		};
/* End PBXSourcesBuildPhase section */

/* Begin PBXTargetDependency section */
		04D467DF29F0600C00C81E63 /* PBXTargetDependency */ = {
			isa = PBXTargetDependency;
			target = 04D467C329F0600B00C81E63 /* CompanyMessanger */;
			targetProxy = 04D467DE29F0600C00C81E63 /* PBXContainerItemProxy */;
		};
		04D467E929F0600C00C81E63 /* PBXTargetDependency */ = {
			isa = PBXTargetDependency;
			target = 04D467C329F0600B00C81E63 /* CompanyMessanger */;
			targetProxy = 04D467E829F0600C00C81E63 /* PBXContainerItemProxy */;
		};
/* End PBXTargetDependency section */

/* Begin PBXVariantGroup section */
		04D467CD29F0600B00C81E63 /* Main.storyboard */ = {
			isa = PBXVariantGroup;
			children = (
				04D467CE29F0600B00C81E63 /* Base */,
			);
			name = Main.storyboard;
			sourceTree = "<group>";
		};
		04D467D529F0600B00C81E63 /* LaunchScreen.storyboard */ = {
			isa = PBXVariantGroup;
			children = (
				04D467D629F0600B00C81E63 /* Base */,
			);
			name = LaunchScreen.storyboard;
			sourceTree = "<group>";
		};
/* End PBXVariantGroup section */

/* Begin XCBuildConfiguration section */
		04D467EF29F0600C00C81E63 /* Debug */ = {
			isa = XCBuildConfiguration;
			buildSettings = {
				ALWAYS_SEARCH_USER_PATHS = NO;
				CLANG_ANALYZER_NONNULL = YES;
				CLANG_ANALYZER_NUMBER_OBJECT_CONVERSION = YES_AGGRESSIVE;
				CLANG_CXX_LANGUAGE_STANDARD = "gnu++20";
				CLANG_ENABLE_MODULES = YES;
				CLANG_ENABLE_OBJC_ARC = YES;
				CLANG_ENABLE_OBJC_WEAK = YES;
				CLANG_WARN_BLOCK_CAPTURE_AUTORELEASING = YES;
				CLANG_WARN_BOOL_CONVERSION = YES;
				CLANG_WARN_COMMA = YES;
				CLANG_WARN_CONSTANT_CONVERSION = YES;
				CLANG_WARN_DEPRECATED_OBJC_IMPLEMENTATIONS = YES;
				CLANG_WARN_DIRECT_OBJC_ISA_USAGE = YES_ERROR;
				CLANG_WARN_DOCUMENTATION_COMMENTS = YES;
				CLANG_WARN_EMPTY_BODY = YES;
				CLANG_WARN_ENUM_CONVERSION = YES;
				CLANG_WARN_INFINITE_RECURSION = YES;
				CLANG_WARN_INT_CONVERSION = YES;
				CLANG_WARN_NON_LITERAL_NULL_CONVERSION = YES;
				CLANG_WARN_OBJC_IMPLICIT_RETAIN_SELF = YES;
				CLANG_WARN_OBJC_LITERAL_CONVERSION = YES;
				CLANG_WARN_OBJC_ROOT_CLASS = YES_ERROR;
				CLANG_WARN_QUOTED_INCLUDE_IN_FRAMEWORK_HEADER = YES;
				CLANG_WARN_RANGE_LOOP_ANALYSIS = YES;
				CLANG_WARN_STRICT_PROTOTYPES = YES;
				CLANG_WARN_SUSPICIOUS_MOVE = YES;
				CLANG_WARN_UNGUARDED_AVAILABILITY = YES_AGGRESSIVE;
				CLANG_WARN_UNREACHABLE_CODE = YES;
				CLANG_WARN__DUPLICATE_METHOD_MATCH = YES;
				COPY_PHASE_STRIP = NO;
				DEBUG_INFORMATION_FORMAT = dwarf;
				ENABLE_STRICT_OBJC_MSGSEND = YES;
				ENABLE_TESTABILITY = YES;
				GCC_C_LANGUAGE_STANDARD = gnu11;
				GCC_DYNAMIC_NO_PIC = NO;
				GCC_NO_COMMON_BLOCKS = YES;
				GCC_OPTIMIZATION_LEVEL = 0;
				GCC_PREPROCESSOR_DEFINITIONS = (
					"DEBUG=1",
					"$(inherited)",
				);
				GCC_WARN_64_TO_32_BIT_CONVERSION = YES;
				GCC_WARN_ABOUT_RETURN_TYPE = YES_ERROR;
				GCC_WARN_UNDECLARED_SELECTOR = YES;
				GCC_WARN_UNINITIALIZED_AUTOS = YES_AGGRESSIVE;
				GCC_WARN_UNUSED_FUNCTION = YES;
				GCC_WARN_UNUSED_VARIABLE = YES;
				IPHONEOS_DEPLOYMENT_TARGET = 16.2;
				MTL_ENABLE_DEBUG_INFO = INCLUDE_SOURCE;
				MTL_FAST_MATH = YES;
				ONLY_ACTIVE_ARCH = YES;
				SDKROOT = iphoneos;
				SWIFT_ACTIVE_COMPILATION_CONDITIONS = DEBUG;
				SWIFT_OPTIMIZATION_LEVEL = "-Onone";
			};
			name = Debug;
		};
		04D467F029F0600C00C81E63 /* Release */ = {
			isa = XCBuildConfiguration;
			buildSettings = {
				ALWAYS_SEARCH_USER_PATHS = NO;
				CLANG_ANALYZER_NONNULL = YES;
				CLANG_ANALYZER_NUMBER_OBJECT_CONVERSION = YES_AGGRESSIVE;
				CLANG_CXX_LANGUAGE_STANDARD = "gnu++20";
				CLANG_ENABLE_MODULES = YES;
				CLANG_ENABLE_OBJC_ARC = YES;
				CLANG_ENABLE_OBJC_WEAK = YES;
				CLANG_WARN_BLOCK_CAPTURE_AUTORELEASING = YES;
				CLANG_WARN_BOOL_CONVERSION = YES;
				CLANG_WARN_COMMA = YES;
				CLANG_WARN_CONSTANT_CONVERSION = YES;
				CLANG_WARN_DEPRECATED_OBJC_IMPLEMENTATIONS = YES;
				CLANG_WARN_DIRECT_OBJC_ISA_USAGE = YES_ERROR;
				CLANG_WARN_DOCUMENTATION_COMMENTS = YES;
				CLANG_WARN_EMPTY_BODY = YES;
				CLANG_WARN_ENUM_CONVERSION = YES;
				CLANG_WARN_INFINITE_RECURSION = YES;
				CLANG_WARN_INT_CONVERSION = YES;
				CLANG_WARN_NON_LITERAL_NULL_CONVERSION = YES;
				CLANG_WARN_OBJC_IMPLICIT_RETAIN_SELF = YES;
				CLANG_WARN_OBJC_LITERAL_CONVERSION = YES;
				CLANG_WARN_OBJC_ROOT_CLASS = YES_ERROR;
				CLANG_WARN_QUOTED_INCLUDE_IN_FRAMEWORK_HEADER = YES;
				CLANG_WARN_RANGE_LOOP_ANALYSIS = YES;
				CLANG_WARN_STRICT_PROTOTYPES = YES;
				CLANG_WARN_SUSPICIOUS_MOVE = YES;
				CLANG_WARN_UNGUARDED_AVAILABILITY = YES_AGGRESSIVE;
				CLANG_WARN_UNREACHABLE_CODE = YES;
				CLANG_WARN__DUPLICATE_METHOD_MATCH = YES;
				COPY_PHASE_STRIP = NO;
				DEBUG_INFORMATION_FORMAT = "dwarf-with-dsym";
				ENABLE_NS_ASSERTIONS = NO;
				ENABLE_STRICT_OBJC_MSGSEND = YES;
				GCC_C_LANGUAGE_STANDARD = gnu11;
				GCC_NO_COMMON_BLOCKS = YES;
				GCC_WARN_64_TO_32_BIT_CONVERSION = YES;
				GCC_WARN_ABOUT_RETURN_TYPE = YES_ERROR;
				GCC_WARN_UNDECLARED_SELECTOR = YES;
				GCC_WARN_UNINITIALIZED_AUTOS = YES_AGGRESSIVE;
				GCC_WARN_UNUSED_FUNCTION = YES;
				GCC_WARN_UNUSED_VARIABLE = YES;
				IPHONEOS_DEPLOYMENT_TARGET = 16.2;
				MTL_ENABLE_DEBUG_INFO = NO;
				MTL_FAST_MATH = YES;
				SDKROOT = iphoneos;
				SWIFT_COMPILATION_MODE = wholemodule;
				SWIFT_OPTIMIZATION_LEVEL = "-O";
				VALIDATE_PRODUCT = YES;
			};
			name = Release;
		};
		04D467F229F0600C00C81E63 /* Debug */ = {
			isa = XCBuildConfiguration;
			baseConfigurationReference = 31D6C4E7BF59D9CB965BAA3C /* Pods-CompanyMessanger.debug.xcconfig */;
			buildSettings = {
				ASSETCATALOG_COMPILER_APPICON_NAME = AppIcon;
				ASSETCATALOG_COMPILER_GLOBAL_ACCENT_COLOR_NAME = AccentColor;
				CODE_SIGN_STYLE = Automatic;
				CURRENT_PROJECT_VERSION = 1;
				DEVELOPMENT_TEAM = 3D24PQ5MQD;
				GENERATE_INFOPLIST_FILE = YES;
				INFOPLIST_FILE = CompanyMessanger/Info.plist;
				INFOPLIST_KEY_UIApplicationSupportsIndirectInputEvents = YES;
				INFOPLIST_KEY_UILaunchStoryboardName = LaunchScreen;
				INFOPLIST_KEY_UIMainStoryboardFile = Main;
				INFOPLIST_KEY_UISupportedInterfaceOrientations_iPad = "UIInterfaceOrientationPortrait UIInterfaceOrientationPortraitUpsideDown UIInterfaceOrientationLandscapeLeft UIInterfaceOrientationLandscapeRight";
				INFOPLIST_KEY_UISupportedInterfaceOrientations_iPhone = "UIInterfaceOrientationPortrait UIInterfaceOrientationLandscapeLeft UIInterfaceOrientationLandscapeRight";
				IPHONEOS_DEPLOYMENT_TARGET = 15.0;
				LD_RUNPATH_SEARCH_PATHS = (
					"$(inherited)",
					"@executable_path/Frameworks",
				);
				MARKETING_VERSION = 1.0;
				PRODUCT_BUNDLE_IDENTIFIER = anisimov.CompanyMessanger;
				PRODUCT_NAME = "$(TARGET_NAME)";
				SWIFT_EMIT_LOC_STRINGS = YES;
				SWIFT_VERSION = 5.0;
				TARGETED_DEVICE_FAMILY = "1,2";
			};
			name = Debug;
		};
		04D467F329F0600C00C81E63 /* Release */ = {
			isa = XCBuildConfiguration;
			baseConfigurationReference = DB95FBF70BECA0C14735EC3E /* Pods-CompanyMessanger.release.xcconfig */;
			buildSettings = {
				ASSETCATALOG_COMPILER_APPICON_NAME = AppIcon;
				ASSETCATALOG_COMPILER_GLOBAL_ACCENT_COLOR_NAME = AccentColor;
				CODE_SIGN_STYLE = Automatic;
				CURRENT_PROJECT_VERSION = 1;
				DEVELOPMENT_TEAM = 3D24PQ5MQD;
				GENERATE_INFOPLIST_FILE = YES;
				INFOPLIST_FILE = CompanyMessanger/Info.plist;
				INFOPLIST_KEY_UIApplicationSupportsIndirectInputEvents = YES;
				INFOPLIST_KEY_UILaunchStoryboardName = LaunchScreen;
				INFOPLIST_KEY_UIMainStoryboardFile = Main;
				INFOPLIST_KEY_UISupportedInterfaceOrientations_iPad = "UIInterfaceOrientationPortrait UIInterfaceOrientationPortraitUpsideDown UIInterfaceOrientationLandscapeLeft UIInterfaceOrientationLandscapeRight";
				INFOPLIST_KEY_UISupportedInterfaceOrientations_iPhone = "UIInterfaceOrientationPortrait UIInterfaceOrientationLandscapeLeft UIInterfaceOrientationLandscapeRight";
				IPHONEOS_DEPLOYMENT_TARGET = 15.0;
				LD_RUNPATH_SEARCH_PATHS = (
					"$(inherited)",
					"@executable_path/Frameworks",
				);
				MARKETING_VERSION = 1.0;
				PRODUCT_BUNDLE_IDENTIFIER = anisimov.CompanyMessanger;
				PRODUCT_NAME = "$(TARGET_NAME)";
				SWIFT_EMIT_LOC_STRINGS = YES;
				SWIFT_VERSION = 5.0;
				TARGETED_DEVICE_FAMILY = "1,2";
			};
			name = Release;
		};
		04D467F529F0600C00C81E63 /* Debug */ = {
			isa = XCBuildConfiguration;
			baseConfigurationReference = 6715E1186DFFE0AFD6AB0074 /* Pods-CompanyMessangerTests.debug.xcconfig */;
			buildSettings = {
				ALWAYS_EMBED_SWIFT_STANDARD_LIBRARIES = YES;
				BUNDLE_LOADER = "$(TEST_HOST)";
				CODE_SIGN_STYLE = Automatic;
				CURRENT_PROJECT_VERSION = 1;
				DEVELOPMENT_TEAM = 3D24PQ5MQD;
				GENERATE_INFOPLIST_FILE = YES;
				IPHONEOS_DEPLOYMENT_TARGET = 16.2;
				MARKETING_VERSION = 1.0;
				PRODUCT_BUNDLE_IDENTIFIER = anisimov.CompanyMessangerTests;
				PRODUCT_NAME = "$(TARGET_NAME)";
				SWIFT_EMIT_LOC_STRINGS = NO;
				SWIFT_VERSION = 5.0;
				TARGETED_DEVICE_FAMILY = "1,2";
				TEST_HOST = "$(BUILT_PRODUCTS_DIR)/CompanyMessanger.app/$(BUNDLE_EXECUTABLE_FOLDER_PATH)/CompanyMessanger";
			};
			name = Debug;
		};
		04D467F629F0600C00C81E63 /* Release */ = {
			isa = XCBuildConfiguration;
			baseConfigurationReference = C48B865B053B588FAC29BAA0 /* Pods-CompanyMessangerTests.release.xcconfig */;
			buildSettings = {
				ALWAYS_EMBED_SWIFT_STANDARD_LIBRARIES = YES;
				BUNDLE_LOADER = "$(TEST_HOST)";
				CODE_SIGN_STYLE = Automatic;
				CURRENT_PROJECT_VERSION = 1;
				DEVELOPMENT_TEAM = 3D24PQ5MQD;
				GENERATE_INFOPLIST_FILE = YES;
				IPHONEOS_DEPLOYMENT_TARGET = 16.2;
				MARKETING_VERSION = 1.0;
				PRODUCT_BUNDLE_IDENTIFIER = anisimov.CompanyMessangerTests;
				PRODUCT_NAME = "$(TARGET_NAME)";
				SWIFT_EMIT_LOC_STRINGS = NO;
				SWIFT_VERSION = 5.0;
				TARGETED_DEVICE_FAMILY = "1,2";
				TEST_HOST = "$(BUILT_PRODUCTS_DIR)/CompanyMessanger.app/$(BUNDLE_EXECUTABLE_FOLDER_PATH)/CompanyMessanger";
			};
			name = Release;
		};
		04D467F829F0600C00C81E63 /* Debug */ = {
			isa = XCBuildConfiguration;
			baseConfigurationReference = 8BCD09552E818419EEBD4B9E /* Pods-CompanyMessanger-CompanyMessangerUITests.debug.xcconfig */;
			buildSettings = {
				ALWAYS_EMBED_SWIFT_STANDARD_LIBRARIES = YES;
				CODE_SIGN_STYLE = Automatic;
				CURRENT_PROJECT_VERSION = 1;
				DEVELOPMENT_TEAM = 3D24PQ5MQD;
				GENERATE_INFOPLIST_FILE = YES;
				MARKETING_VERSION = 1.0;
				PRODUCT_BUNDLE_IDENTIFIER = anisimov.CompanyMessangerUITests;
				PRODUCT_NAME = "$(TARGET_NAME)";
				SWIFT_EMIT_LOC_STRINGS = NO;
				SWIFT_VERSION = 5.0;
				TARGETED_DEVICE_FAMILY = "1,2";
				TEST_TARGET_NAME = CompanyMessanger;
			};
			name = Debug;
		};
		04D467F929F0600C00C81E63 /* Release */ = {
			isa = XCBuildConfiguration;
			baseConfigurationReference = BFE36A1BDB12437E84A328D3 /* Pods-CompanyMessanger-CompanyMessangerUITests.release.xcconfig */;
			buildSettings = {
				ALWAYS_EMBED_SWIFT_STANDARD_LIBRARIES = YES;
				CODE_SIGN_STYLE = Automatic;
				CURRENT_PROJECT_VERSION = 1;
				DEVELOPMENT_TEAM = 3D24PQ5MQD;
				GENERATE_INFOPLIST_FILE = YES;
				MARKETING_VERSION = 1.0;
				PRODUCT_BUNDLE_IDENTIFIER = anisimov.CompanyMessangerUITests;
				PRODUCT_NAME = "$(TARGET_NAME)";
				SWIFT_EMIT_LOC_STRINGS = NO;
				SWIFT_VERSION = 5.0;
				TARGETED_DEVICE_FAMILY = "1,2";
				TEST_TARGET_NAME = CompanyMessanger;
			};
			name = Release;
		};
/* End XCBuildConfiguration section */

/* Begin XCConfigurationList section */
		04D467BF29F0600B00C81E63 /* Build configuration list for PBXProject "CompanyMessanger" */ = {
			isa = XCConfigurationList;
			buildConfigurations = (
				04D467EF29F0600C00C81E63 /* Debug */,
				04D467F029F0600C00C81E63 /* Release */,
			);
			defaultConfigurationIsVisible = 0;
			defaultConfigurationName = Release;
		};
		04D467F129F0600C00C81E63 /* Build configuration list for PBXNativeTarget "CompanyMessanger" */ = {
			isa = XCConfigurationList;
			buildConfigurations = (
				04D467F229F0600C00C81E63 /* Debug */,
				04D467F329F0600C00C81E63 /* Release */,
			);
			defaultConfigurationIsVisible = 0;
			defaultConfigurationName = Release;
		};
		04D467F429F0600C00C81E63 /* Build configuration list for PBXNativeTarget "CompanyMessangerTests" */ = {
			isa = XCConfigurationList;
			buildConfigurations = (
				04D467F529F0600C00C81E63 /* Debug */,
				04D467F629F0600C00C81E63 /* Release */,
			);
			defaultConfigurationIsVisible = 0;
			defaultConfigurationName = Release;
		};
		04D467F729F0600C00C81E63 /* Build configuration list for PBXNativeTarget "CompanyMessangerUITests" */ = {
			isa = XCConfigurationList;
			buildConfigurations = (
				04D467F829F0600C00C81E63 /* Debug */,
				04D467F929F0600C00C81E63 /* Release */,
			);
			defaultConfigurationIsVisible = 0;
			defaultConfigurationName = Release;
		};
/* End XCConfigurationList section */

/* Begin XCVersionGroup section */
		04D467D029F0600B00C81E63 /* CompanyMessanger.xcdatamodeld */ = {
			isa = XCVersionGroup;
			children = (
				04D467D129F0600B00C81E63 /* CompanyMessanger.xcdatamodel */,
			);
			currentVersion = 04D467D129F0600B00C81E63 /* CompanyMessanger.xcdatamodel */;
			path = CompanyMessanger.xcdatamodeld;
			sourceTree = "<group>";
			versionGroupType = wrapper.xcdatamodel;
		};
/* End XCVersionGroup section */
	};
	rootObject = 04D467BC29F0600B00C81E63 /* Project object */;
}
