// !$*UTF8*$!
{
	archiveVersion = 1;
	classes = {
	};
	objectVersion = 56;
	objects = {

/* Begin PBXBuildFile section */
		045BA72129F5B535005E99A4 /* TabBarCoordinator.swift in Sources */ = {isa = PBXBuildFile; fileRef = 045BA72029F5B535005E99A4 /* TabBarCoordinator.swift */; };
		045BA72729F5B9DE005E99A4 /* Home.podspec in Resources */ = {isa = PBXBuildFile; fileRef = 045BA72629F5B9DE005E99A4 /* Home.podspec */; };
		045BA72929F5B9F0005E99A4 /* Profile.podspec in Resources */ = {isa = PBXBuildFile; fileRef = 045BA72829F5B9F0005E99A4 /* Profile.podspec */; };
		045BA74729F5BC72005E99A4 /* ProfileCoordinatorAssembly.swift in Sources */ = {isa = PBXBuildFile; fileRef = 045BA74629F5BC72005E99A4 /* ProfileCoordinatorAssembly.swift */; };
		045BA74929F5BC82005E99A4 /* HomeCoordinatorAssembly.swift in Sources */ = {isa = PBXBuildFile; fileRef = 045BA74829F5BC82005E99A4 /* HomeCoordinatorAssembly.swift */; };
		045BA74B29F5BC94005E99A4 /* ChatsListCoordinatorAssembly.swift in Sources */ = {isa = PBXBuildFile; fileRef = 045BA74A29F5BC94005E99A4 /* ChatsListCoordinatorAssembly.swift */; };
		045BA74D29F5BCC9005E99A4 /* ChatsListCoordinator.swift in Sources */ = {isa = PBXBuildFile; fileRef = 045BA74C29F5BCC9005E99A4 /* ChatsListCoordinator.swift */; };
		045BA74F29F5BF23005E99A4 /* HomeCoordinator.swift in Sources */ = {isa = PBXBuildFile; fileRef = 045BA74E29F5BF23005E99A4 /* HomeCoordinator.swift */; };
		045BA75129F5BFB4005E99A4 /* ProfileCoordinator.swift in Sources */ = {isa = PBXBuildFile; fileRef = 045BA75029F5BFB4005E99A4 /* ProfileCoordinator.swift */; };
		045BA75529F5C224005E99A4 /* Images+TabBar.swift in Sources */ = {isa = PBXBuildFile; fileRef = 045BA75429F5C224005E99A4 /* Images+TabBar.swift */; };
		049C98312A0EEA0A0023F991 /* CatDetailedAdapter.swift in Sources */ = {isa = PBXBuildFile; fileRef = 049C98302A0EEA0A0023F991 /* CatDetailedAdapter.swift */; };
		04D467C829F0600B00C81E63 /* AppDelegate.swift in Sources */ = {isa = PBXBuildFile; fileRef = 04D467C729F0600B00C81E63 /* AppDelegate.swift */; };
		04D467D229F0600B00C81E63 /* CompanyMessanger.xcdatamodeld in Sources */ = {isa = PBXBuildFile; fileRef = 04D467D029F0600B00C81E63 /* CompanyMessanger.xcdatamodeld */; };
		04D467D429F0600B00C81E63 /* Assets.xcassets in Resources */ = {isa = PBXBuildFile; fileRef = 04D467D329F0600B00C81E63 /* Assets.xcassets */; };
		04D467D729F0600B00C81E63 /* LaunchScreen.storyboard in Resources */ = {isa = PBXBuildFile; fileRef = 04D467D529F0600B00C81E63 /* LaunchScreen.storyboard */; };
		04D467E229F0600C00C81E63 /* CompanyMessangerTests.swift in Sources */ = {isa = PBXBuildFile; fileRef = 04D467E129F0600C00C81E63 /* CompanyMessangerTests.swift */; };
		04D467EC29F0600C00C81E63 /* CompanyMessangerUITests.swift in Sources */ = {isa = PBXBuildFile; fileRef = 04D467EB29F0600C00C81E63 /* CompanyMessangerUITests.swift */; };
		04D467EE29F0600C00C81E63 /* CompanyMessangerUITestsLaunchTests.swift in Sources */ = {isa = PBXBuildFile; fileRef = 04D467ED29F0600C00C81E63 /* CompanyMessangerUITestsLaunchTests.swift */; };
		04D8B1FF2A06856E0011F542 /* TabBarViewController.swift in Sources */ = {isa = PBXBuildFile; fileRef = 04D8B1FE2A06856E0011F542 /* TabBarViewController.swift */; };
		04D8B2022A06867E0011F542 /* Colors+TabBar.swift in Sources */ = {isa = PBXBuildFile; fileRef = 04D8B2012A06867E0011F542 /* Colors+TabBar.swift */; };
		52CBA0D5E665FF87591E543F /* Pods_CompanyMessanger.framework in Frameworks */ = {isa = PBXBuildFile; fileRef = E4C8394FE130385F7AA69032 /* Pods_CompanyMessanger.framework */; };
		5A28711EA3CB30BE25C5A3E8 /* Pods_CompanyMessanger_CompanyMessangerUITests.framework in Frameworks */ = {isa = PBXBuildFile; fileRef = 3648ABFCF3E751201988E076 /* Pods_CompanyMessanger_CompanyMessangerUITests.framework */; };
		A51BCEC190DCB544EA643B72 /* Pods_CompanyMessangerTests.framework in Frameworks */ = {isa = PBXBuildFile; fileRef = E4BE5AB9BEA35CD4E44D411A /* Pods_CompanyMessangerTests.framework */; };
/* End PBXBuildFile section */

/* Begin PBXContainerItemProxy section */
		04D467DE29F0600C00C81E63 /* PBXContainerItemProxy */ = {
			isa = PBXContainerItemProxy;
			containerPortal = 04D467BC29F0600B00C81E63 /* Project object */;
			proxyType = 1;
			remoteGlobalIDString = 04D467C329F0600B00C81E63;
			remoteInfo = CompanyMessanger;
		};
		04D467E829F0600C00C81E63 /* PBXContainerItemProxy */ = {
			isa = PBXContainerItemProxy;
			containerPortal = 04D467BC29F0600B00C81E63 /* Project object */;
			proxyType = 1;
			remoteGlobalIDString = 04D467C329F0600B00C81E63;
			remoteInfo = CompanyMessanger;
		};
/* End PBXContainerItemProxy section */

/* Begin PBXFileReference section */
		044820E82A030871008A326A /* CatsListAdapter.swift */ = {isa = PBXFileReference; lastKnownFileType = sourcecode.swift; path = CatsListAdapter.swift; sourceTree = "<group>"; };
		044820E92A030883008A326A /* CatsListLayoutBuilder.swift */ = {isa = PBXFileReference; lastKnownFileType = sourcecode.swift; path = CatsListLayoutBuilder.swift; sourceTree = "<group>"; };
		044820EA2A030898008A326A /* CatsListSection.swift */ = {isa = PBXFileReference; lastKnownFileType = sourcecode.swift; path = CatsListSection.swift; sourceTree = "<group>"; };
		045BA6D629F490AE005E99A4 /* UINavigationController.swift */ = {isa = PBXFileReference; lastKnownFileType = sourcecode.swift; path = UINavigationController.swift; sourceTree = "<group>"; };
		045BA6D829F490EE005E99A4 /* UIView.swift */ = {isa = PBXFileReference; lastKnownFileType = sourcecode.swift; path = UIView.swift; sourceTree = "<group>"; };
		045BA6EA29F5A019005E99A4 /* BaseExtension.swift */ = {isa = PBXFileReference; lastKnownFileType = sourcecode.swift; path = BaseExtension.swift; sourceTree = "<group>"; };
		045BA6F429F5A259005E99A4 /* CompanyMessangerResources.podspec */ = {isa = PBXFileReference; lastKnownFileType = text; path = CompanyMessangerResources.podspec; sourceTree = "<group>"; };
		045BA70729F5A39C005E99A4 /* Colors.swift */ = {isa = PBXFileReference; lastKnownFileType = sourcecode.swift; path = Colors.swift; sourceTree = "<group>"; };
		045BA70829F5A3CD005E99A4 /* Images.swift */ = {isa = PBXFileReference; lastKnownFileType = sourcecode.swift; path = Images.swift; sourceTree = "<group>"; };
		045BA70929F5A449005E99A4 /* Localized.swift */ = {isa = PBXFileReference; lastKnownFileType = sourcecode.swift; path = Localized.swift; sourceTree = "<group>"; };
		045BA72029F5B535005E99A4 /* TabBarCoordinator.swift */ = {isa = PBXFileReference; lastKnownFileType = sourcecode.swift; path = TabBarCoordinator.swift; sourceTree = "<group>"; };
		045BA72529F5B9D1005E99A4 /* ChatsList.podspec */ = {isa = PBXFileReference; lastKnownFileType = text; path = ChatsList.podspec; sourceTree = "<group>"; };
		045BA72629F5B9DE005E99A4 /* Home.podspec */ = {isa = PBXFileReference; lastKnownFileType = text; path = Home.podspec; sourceTree = "<group>"; };
		045BA72829F5B9F0005E99A4 /* Profile.podspec */ = {isa = PBXFileReference; lastKnownFileType = text; path = Profile.podspec; sourceTree = "<group>"; xcLanguageSpecificationIdentifier = xcode.lang.ruby; };
		045BA74629F5BC72005E99A4 /* ProfileCoordinatorAssembly.swift */ = {isa = PBXFileReference; lastKnownFileType = sourcecode.swift; path = ProfileCoordinatorAssembly.swift; sourceTree = "<group>"; };
		045BA74829F5BC82005E99A4 /* HomeCoordinatorAssembly.swift */ = {isa = PBXFileReference; lastKnownFileType = sourcecode.swift; path = HomeCoordinatorAssembly.swift; sourceTree = "<group>"; };
		045BA74A29F5BC94005E99A4 /* ChatsListCoordinatorAssembly.swift */ = {isa = PBXFileReference; lastKnownFileType = sourcecode.swift; path = ChatsListCoordinatorAssembly.swift; sourceTree = "<group>"; };
		045BA74C29F5BCC9005E99A4 /* ChatsListCoordinator.swift */ = {isa = PBXFileReference; lastKnownFileType = sourcecode.swift; path = ChatsListCoordinator.swift; sourceTree = "<group>"; };
		045BA74E29F5BF23005E99A4 /* HomeCoordinator.swift */ = {isa = PBXFileReference; lastKnownFileType = sourcecode.swift; path = HomeCoordinator.swift; sourceTree = "<group>"; };
		045BA75029F5BFB4005E99A4 /* ProfileCoordinator.swift */ = {isa = PBXFileReference; lastKnownFileType = sourcecode.swift; path = ProfileCoordinator.swift; sourceTree = "<group>"; };
		045BA75429F5C224005E99A4 /* Images+TabBar.swift */ = {isa = PBXFileReference; lastKnownFileType = sourcecode.swift; path = "Images+TabBar.swift"; sourceTree = "<group>"; };
		049C97C52A0EE7FC0023F991 /* CatDetailed.podspec */ = {isa = PBXFileReference; lastKnownFileType = text; path = CatDetailed.podspec; sourceTree = "<group>"; };
		049C97CB2A0EE8710023F991 /* CatDetailedViewIO.swift */ = {isa = PBXFileReference; lastKnownFileType = sourcecode.swift; path = CatDetailedViewIO.swift; sourceTree = "<group>"; };
		049C97CC2A0EE87B0023F991 /* CatDetailedViewController.swift */ = {isa = PBXFileReference; lastKnownFileType = sourcecode.swift; path = CatDetailedViewController.swift; sourceTree = "<group>"; };
		049C97CD2A0EE88B0023F991 /* CatDetailedPresenterIO.swift */ = {isa = PBXFileReference; lastKnownFileType = sourcecode.swift; path = CatDetailedPresenterIO.swift; sourceTree = "<group>"; };
		049C97CE2A0EE8940023F991 /* CatDetailedPresenter.swift */ = {isa = PBXFileReference; lastKnownFileType = sourcecode.swift; path = CatDetailedPresenter.swift; sourceTree = "<group>"; };
		049C98302A0EEA0A0023F991 /* CatDetailedAdapter.swift */ = {isa = PBXFileReference; lastKnownFileType = sourcecode.swift; path = CatDetailedAdapter.swift; sourceTree = "<group>"; };
		049C98322A0EEA1A0023F991 /* CatDetailedLayoutManager.swift */ = {isa = PBXFileReference; lastKnownFileType = sourcecode.swift; path = CatDetailedLayoutManager.swift; sourceTree = "<group>"; };
		049C98332A0EEA270023F991 /* CatDetailedSection.swift */ = {isa = PBXFileReference; lastKnownFileType = sourcecode.swift; path = CatDetailedSection.swift; sourceTree = "<group>"; };
		049C98352A0EEBBF0023F991 /* BreedImagesPagerItemView.swift */ = {isa = PBXFileReference; lastKnownFileType = sourcecode.swift; path = BreedImagesPagerItemView.swift; sourceTree = "<group>"; };
		049C986C2A0EEE5C0023F991 /* ReusableView.swift */ = {isa = PBXFileReference; lastKnownFileType = sourcecode.swift; path = ReusableView.swift; sourceTree = "<group>"; };
		04B45F9A29F80AA100D395E4 /* CatsListViewController.swift */ = {isa = PBXFileReference; lastKnownFileType = sourcecode.swift; path = CatsListViewController.swift; sourceTree = "<group>"; };
		04B45F9B29F80AEE00D395E4 /* CatsListViewIO.swift */ = {isa = PBXFileReference; lastKnownFileType = sourcecode.swift; path = CatsListViewIO.swift; sourceTree = "<group>"; };
		04B45F9C29F80B2E00D395E4 /* CatsListPresenter.swift */ = {isa = PBXFileReference; lastKnownFileType = sourcecode.swift; path = CatsListPresenter.swift; sourceTree = "<group>"; };
		04B45F9D29F80B5E00D395E4 /* CatsListPresenterIO.swift */ = {isa = PBXFileReference; lastKnownFileType = sourcecode.swift; path = CatsListPresenterIO.swift; sourceTree = "<group>"; };
		04B45F9F29F80B8500D395E4 /* ChatsListAssembley.swift */ = {isa = PBXFileReference; lastKnownFileType = sourcecode.swift; path = ChatsListAssembley.swift; sourceTree = "<group>"; };
		04B45FA029F80CAA00D395E4 /* HomeViewController.swift */ = {isa = PBXFileReference; lastKnownFileType = sourcecode.swift; path = HomeViewController.swift; sourceTree = "<group>"; };
		04B45FA129F80CB800D395E4 /* HomeViewIO.swift */ = {isa = PBXFileReference; lastKnownFileType = sourcecode.swift; path = HomeViewIO.swift; sourceTree = "<group>"; };
		04B45FA229F80D7900D395E4 /* HomePresenter.swift */ = {isa = PBXFileReference; lastKnownFileType = sourcecode.swift; path = HomePresenter.swift; sourceTree = "<group>"; };
		04B45FA329F80DBD00D395E4 /* HomePresenterIO.swift */ = {isa = PBXFileReference; lastKnownFileType = sourcecode.swift; path = HomePresenterIO.swift; sourceTree = "<group>"; };
		04B45FA429F80DE200D395E4 /* HomeAssembley.swift */ = {isa = PBXFileReference; lastKnownFileType = sourcecode.swift; path = HomeAssembley.swift; sourceTree = "<group>"; };
		04B45FA529F80E4800D395E4 /* ProfileViewController.swift */ = {isa = PBXFileReference; lastKnownFileType = sourcecode.swift; path = ProfileViewController.swift; sourceTree = "<group>"; };
		04B45FA629F80E9A00D395E4 /* ProfileViewIO.swift */ = {isa = PBXFileReference; lastKnownFileType = sourcecode.swift; path = ProfileViewIO.swift; sourceTree = "<group>"; };
		04B45FA729F80ECE00D395E4 /* ProfilePresenter.swift */ = {isa = PBXFileReference; lastKnownFileType = sourcecode.swift; path = ProfilePresenter.swift; sourceTree = "<group>"; };
		04B45FA829F80F0200D395E4 /* ProfilePresenterIO.swift */ = {isa = PBXFileReference; lastKnownFileType = sourcecode.swift; path = ProfilePresenterIO.swift; sourceTree = "<group>"; };
		04B45FA929F80F4700D395E4 /* ProfileAssembley.swift */ = {isa = PBXFileReference; lastKnownFileType = sourcecode.swift; path = ProfileAssembley.swift; sourceTree = "<group>"; };
		04D467C429F0600B00C81E63 /* CompanyMessanger.app */ = {isa = PBXFileReference; explicitFileType = wrapper.application; includeInIndex = 0; path = CompanyMessanger.app; sourceTree = BUILT_PRODUCTS_DIR; };
		04D467C729F0600B00C81E63 /* AppDelegate.swift */ = {isa = PBXFileReference; lastKnownFileType = sourcecode.swift; path = AppDelegate.swift; sourceTree = "<group>"; };
		04D467D129F0600B00C81E63 /* CompanyMessanger.xcdatamodel */ = {isa = PBXFileReference; lastKnownFileType = wrapper.xcdatamodel; path = CompanyMessanger.xcdatamodel; sourceTree = "<group>"; };
		04D467D329F0600B00C81E63 /* Assets.xcassets */ = {isa = PBXFileReference; lastKnownFileType = folder.assetcatalog; path = Assets.xcassets; sourceTree = "<group>"; };
		04D467D629F0600B00C81E63 /* Base */ = {isa = PBXFileReference; lastKnownFileType = file.storyboard; name = Base; path = Base.lproj/LaunchScreen.storyboard; sourceTree = "<group>"; };
		04D467DD29F0600C00C81E63 /* CompanyMessangerTests.xctest */ = {isa = PBXFileReference; explicitFileType = wrapper.cfbundle; includeInIndex = 0; path = CompanyMessangerTests.xctest; sourceTree = BUILT_PRODUCTS_DIR; };
		04D467E129F0600C00C81E63 /* CompanyMessangerTests.swift */ = {isa = PBXFileReference; lastKnownFileType = sourcecode.swift; path = CompanyMessangerTests.swift; sourceTree = "<group>"; };
		04D467E729F0600C00C81E63 /* CompanyMessangerUITests.xctest */ = {isa = PBXFileReference; explicitFileType = wrapper.cfbundle; includeInIndex = 0; path = CompanyMessangerUITests.xctest; sourceTree = BUILT_PRODUCTS_DIR; };
		04D467EB29F0600C00C81E63 /* CompanyMessangerUITests.swift */ = {isa = PBXFileReference; lastKnownFileType = sourcecode.swift; path = CompanyMessangerUITests.swift; sourceTree = "<group>"; };
		04D467ED29F0600C00C81E63 /* CompanyMessangerUITestsLaunchTests.swift */ = {isa = PBXFileReference; lastKnownFileType = sourcecode.swift; path = CompanyMessangerUITestsLaunchTests.swift; sourceTree = "<group>"; };
		04D8B1FB2A0679680011F542 /* Info.plist */ = {isa = PBXFileReference; fileEncoding = 4; lastKnownFileType = text.plist.xml; path = Info.plist; sourceTree = "<group>"; };
		04D8B1FE2A06856E0011F542 /* TabBarViewController.swift */ = {isa = PBXFileReference; lastKnownFileType = sourcecode.swift; path = TabBarViewController.swift; sourceTree = "<group>"; };
		04D8B2012A06867E0011F542 /* Colors+TabBar.swift */ = {isa = PBXFileReference; lastKnownFileType = sourcecode.swift; path = "Colors+TabBar.swift"; sourceTree = "<group>"; };
		04D8B2042A0692660011F542 /* CatCardItemView.swift */ = {isa = PBXFileReference; lastKnownFileType = sourcecode.swift; path = CatCardItemView.swift; sourceTree = "<group>"; };
		04D8B2062A0692B20011F542 /* ConfigurableView.swift */ = {isa = PBXFileReference; lastKnownFileType = sourcecode.swift; path = ConfigurableView.swift; sourceTree = "<group>"; };
		04D8B22F2A0693E10011F542 /* CollectionViewContainerCell.swift */ = {isa = PBXFileReference; lastKnownFileType = sourcecode.swift; path = CollectionViewContainerCell.swift; sourceTree = "<group>"; };
		04D8B2952A069FB00011F542 /* Localizable.strings */ = {isa = PBXFileReference; lastKnownFileType = text.plist.strings; path = Localizable.strings; sourceTree = "<group>"; };
		04D8B2972A06A7A40011F542 /* Assets.xcassets */ = {isa = PBXFileReference; lastKnownFileType = folder.assetcatalog; path = Assets.xcassets; sourceTree = "<group>"; };
		04D8B2982A06A8450011F542 /* Images+Common.swift */ = {isa = PBXFileReference; lastKnownFileType = sourcecode.swift; path = "Images+Common.swift"; sourceTree = "<group>"; };
		04D8B2B72A06A9240011F542 /* Bundle+Current.swift */ = {isa = PBXFileReference; lastKnownFileType = sourcecode.swift; path = "Bundle+Current.swift"; sourceTree = "<group>"; };
		04D8B33E2A06AB8E0011F542 /* AlamofireExtensions.swift */ = {isa = PBXFileReference; lastKnownFileType = sourcecode.swift; path = AlamofireExtensions.swift; sourceTree = "<group>"; };
		04D8B3642A06AE2E0011F542 /* DisplayItemCallback.swift */ = {isa = PBXFileReference; lastKnownFileType = sourcecode.swift; path = DisplayItemCallback.swift; sourceTree = "<group>"; };
		04D8B3BB2A06C1950011F542 /* ArrayExtensions.swift */ = {isa = PBXFileReference; lastKnownFileType = sourcecode.swift; path = ArrayExtensions.swift; sourceTree = "<group>"; };
		04D8B40C2A06E4FF0011F542 /* CatsServiceInput.swift */ = {isa = PBXFileReference; lastKnownFileType = sourcecode.swift; path = CatsServiceInput.swift; sourceTree = "<group>"; };
		04D8B40D2A06E5880011F542 /* BreedBase.swift */ = {isa = PBXFileReference; lastKnownFileType = sourcecode.swift; path = BreedBase.swift; sourceTree = "<group>"; };
		04D8B40E2A06E5BF0011F542 /* BreedDetailed.swift */ = {isa = PBXFileReference; lastKnownFileType = sourcecode.swift; path = BreedDetailed.swift; sourceTree = "<group>"; };
		04D8B40F2A06E6ED0011F542 /* BreedWeight.swift */ = {isa = PBXFileReference; lastKnownFileType = sourcecode.swift; path = BreedWeight.swift; sourceTree = "<group>"; };
		04D8B4342A06E7A70011F542 /* BreedImage.swift */ = {isa = PBXFileReference; lastKnownFileType = sourcecode.swift; path = BreedImage.swift; sourceTree = "<group>"; };
		04D8B4352A06E7EB0011F542 /* CatsService.swift */ = {isa = PBXFileReference; lastKnownFileType = sourcecode.swift; path = CatsService.swift; sourceTree = "<group>"; };
		04D8B47F2A06FA5C0011F542 /* CatsPaginator.swift */ = {isa = PBXFileReference; lastKnownFileType = sourcecode.swift; path = CatsPaginator.swift; sourceTree = "<group>"; };
		04DE27872A0C36ED00F22030 /* BreedsEndpoint.swift */ = {isa = PBXFileReference; lastKnownFileType = sourcecode.swift; path = BreedsEndpoint.swift; sourceTree = "<group>"; };
		04DE27892A0C371700F22030 /* JsonEndpoint.swift */ = {isa = PBXFileReference; lastKnownFileType = sourcecode.swift; path = JsonEndpoint.swift; sourceTree = "<group>"; };
		04DE27ED2A0C37DC00F22030 /* RequestPaths.swift */ = {isa = PBXFileReference; lastKnownFileType = sourcecode.swift; path = RequestPaths.swift; sourceTree = "<group>"; };
		04DE28182A0C396800F22030 /* BreedDetailedEndpoint.swift */ = {isa = PBXFileReference; lastKnownFileType = sourcecode.swift; path = BreedDetailedEndpoint.swift; sourceTree = "<group>"; };
		04DE28432A0C3A1500F22030 /* ImageByIdEndpoint.swift */ = {isa = PBXFileReference; lastKnownFileType = sourcecode.swift; path = ImageByIdEndpoint.swift; sourceTree = "<group>"; };
		04E934D72A0D757E003A865E /* AppRequestInterceptor.swift */ = {isa = PBXFileReference; lastKnownFileType = sourcecode.swift; path = AppRequestInterceptor.swift; sourceTree = "<group>"; };
		04E938812A0D7859003A865E /* RootDependencies.swift */ = {isa = PBXFileReference; lastKnownFileType = sourcecode.swift; path = RootDependencies.swift; sourceTree = "<group>"; };
		04E938822A0D7867003A865E /* GlobalServiceLocator.swift */ = {isa = PBXFileReference; lastKnownFileType = sourcecode.swift; path = GlobalServiceLocator.swift; sourceTree = "<group>"; };
		04F5730429F466160013BB49 /* CompanyMessangerCore.podspec */ = {isa = PBXFileReference; lastKnownFileType = text; path = CompanyMessangerCore.podspec; sourceTree = "<group>"; };
		04F5730829F474E20013BB49 /* BaseCoordinator.swift */ = {isa = PBXFileReference; lastKnownFileType = sourcecode.swift; path = BaseCoordinator.swift; sourceTree = "<group>"; };
		04F5730C29F477130013BB49 /* TransitionHandler.swift */ = {isa = PBXFileReference; lastKnownFileType = sourcecode.swift; path = TransitionHandler.swift; sourceTree = "<group>"; };
		04F5730D29F477350013BB49 /* TransitionHandler+DefaultImplementation.swift */ = {isa = PBXFileReference; lastKnownFileType = sourcecode.swift; path = "TransitionHandler+DefaultImplementation.swift"; sourceTree = "<group>"; };
		04F5730E29F477630013BB49 /* TransitionHandler+UIViewControllerImplementation.swift */ = {isa = PBXFileReference; lastKnownFileType = sourcecode.swift; path = "TransitionHandler+UIViewControllerImplementation.swift"; sourceTree = "<group>"; };
		04F5731029F478470013BB49 /* CompanyMessangerUIKIt.podspec */ = {isa = PBXFileReference; lastKnownFileType = text; path = CompanyMessangerUIKIt.podspec; sourceTree = "<group>"; };
		04F5731429F478AF0013BB49 /* UIView.swift */ = {isa = PBXFileReference; lastKnownFileType = sourcecode.swift; path = UIView.swift; sourceTree = "<group>"; };
		04F5731629F47A640013BB49 /* Configurable.swift */ = {isa = PBXFileReference; lastKnownFileType = sourcecode.swift; path = Configurable.swift; sourceTree = "<group>"; };
		04F5731829F47B860013BB49 /* Closures.swift */ = {isa = PBXFileReference; lastKnownFileType = sourcecode.swift; path = Closures.swift; sourceTree = "<group>"; };
		31D6C4E7BF59D9CB965BAA3C /* Pods-CompanyMessanger.debug.xcconfig */ = {isa = PBXFileReference; includeInIndex = 1; lastKnownFileType = text.xcconfig; name = "Pods-CompanyMessanger.debug.xcconfig"; path = "Target Support Files/Pods-CompanyMessanger/Pods-CompanyMessanger.debug.xcconfig"; sourceTree = "<group>"; };
		3648ABFCF3E751201988E076 /* Pods_CompanyMessanger_CompanyMessangerUITests.framework */ = {isa = PBXFileReference; explicitFileType = wrapper.framework; includeInIndex = 0; path = Pods_CompanyMessanger_CompanyMessangerUITests.framework; sourceTree = BUILT_PRODUCTS_DIR; };
		6715E1186DFFE0AFD6AB0074 /* Pods-CompanyMessangerTests.debug.xcconfig */ = {isa = PBXFileReference; includeInIndex = 1; lastKnownFileType = text.xcconfig; name = "Pods-CompanyMessangerTests.debug.xcconfig"; path = "Target Support Files/Pods-CompanyMessangerTests/Pods-CompanyMessangerTests.debug.xcconfig"; sourceTree = "<group>"; };
		8BCD09552E818419EEBD4B9E /* Pods-CompanyMessanger-CompanyMessangerUITests.debug.xcconfig */ = {isa = PBXFileReference; includeInIndex = 1; lastKnownFileType = text.xcconfig; name = "Pods-CompanyMessanger-CompanyMessangerUITests.debug.xcconfig"; path = "Target Support Files/Pods-CompanyMessanger-CompanyMessangerUITests/Pods-CompanyMessanger-CompanyMessangerUITests.debug.xcconfig"; sourceTree = "<group>"; };
		BFE36A1BDB12437E84A328D3 /* Pods-CompanyMessanger-CompanyMessangerUITests.release.xcconfig */ = {isa = PBXFileReference; includeInIndex = 1; lastKnownFileType = text.xcconfig; name = "Pods-CompanyMessanger-CompanyMessangerUITests.release.xcconfig"; path = "Target Support Files/Pods-CompanyMessanger-CompanyMessangerUITests/Pods-CompanyMessanger-CompanyMessangerUITests.release.xcconfig"; sourceTree = "<group>"; };
		C48B865B053B588FAC29BAA0 /* Pods-CompanyMessangerTests.release.xcconfig */ = {isa = PBXFileReference; includeInIndex = 1; lastKnownFileType = text.xcconfig; name = "Pods-CompanyMessangerTests.release.xcconfig"; path = "Target Support Files/Pods-CompanyMessangerTests/Pods-CompanyMessangerTests.release.xcconfig"; sourceTree = "<group>"; };
		DB95FBF70BECA0C14735EC3E /* Pods-CompanyMessanger.release.xcconfig */ = {isa = PBXFileReference; includeInIndex = 1; lastKnownFileType = text.xcconfig; name = "Pods-CompanyMessanger.release.xcconfig"; path = "Target Support Files/Pods-CompanyMessanger/Pods-CompanyMessanger.release.xcconfig"; sourceTree = "<group>"; };
		E4BE5AB9BEA35CD4E44D411A /* Pods_CompanyMessangerTests.framework */ = {isa = PBXFileReference; explicitFileType = wrapper.framework; includeInIndex = 0; path = Pods_CompanyMessangerTests.framework; sourceTree = BUILT_PRODUCTS_DIR; };
		E4C8394FE130385F7AA69032 /* Pods_CompanyMessanger.framework */ = {isa = PBXFileReference; explicitFileType = wrapper.framework; includeInIndex = 0; path = Pods_CompanyMessanger.framework; sourceTree = BUILT_PRODUCTS_DIR; };
/* End PBXFileReference section */

/* Begin PBXFrameworksBuildPhase section */
		04D467C129F0600B00C81E63 /* Frameworks */ = {
			isa = PBXFrameworksBuildPhase;
			buildActionMask = 2147483647;
			files = (
				52CBA0D5E665FF87591E543F /* Pods_CompanyMessanger.framework in Frameworks */,
			);
			runOnlyForDeploymentPostprocessing = 0;
		};
		04D467DA29F0600C00C81E63 /* Frameworks */ = {
			isa = PBXFrameworksBuildPhase;
			buildActionMask = 2147483647;
			files = (
				A51BCEC190DCB544EA643B72 /* Pods_CompanyMessangerTests.framework in Frameworks */,
			);
			runOnlyForDeploymentPostprocessing = 0;
		};
		04D467E429F0600C00C81E63 /* Frameworks */ = {
			isa = PBXFrameworksBuildPhase;
			buildActionMask = 2147483647;
			files = (
				5A28711EA3CB30BE25C5A3E8 /* Pods_CompanyMessanger_CompanyMessangerUITests.framework in Frameworks */,
			);
			runOnlyForDeploymentPostprocessing = 0;
		};
/* End PBXFrameworksBuildPhase section */

/* Begin PBXGroup section */
		044820E72A03081E008A326A /* Adapter */ = {
			isa = PBXGroup;
			children = (
				044820E82A030871008A326A /* CatsListAdapter.swift */,
				044820E92A030883008A326A /* CatsListLayoutBuilder.swift */,
				044820EA2A030898008A326A /* CatsListSection.swift */,
			);
			path = Adapter;
			sourceTree = "<group>";
		};
		045BA6D029F4876F005E99A4 /* CompanyMessangerCore */ = {
			isa = PBXGroup;
			children = (
				04F5730529F468EA0013BB49 /* Classes */,
				04F5730629F468F10013BB49 /* Resources */,
			);
			path = CompanyMessangerCore;
			sourceTree = "<group>";
		};
		045BA6D129F4878B005E99A4 /* CompanyMessangerUIKit */ = {
			isa = PBXGroup;
			children = (
				04F5731129F478650013BB49 /* Classes */,
				04F5731229F4786F0013BB49 /* Resources */,
			);
			path = CompanyMessangerUIKit;
			sourceTree = "<group>";
		};
		045BA6D729F490DA005E99A4 /* UIKit */ = {
			isa = PBXGroup;
			children = (
				045BA6D629F490AE005E99A4 /* UINavigationController.swift */,
				045BA6D829F490EE005E99A4 /* UIView.swift */,
			);
			path = UIKit;
			sourceTree = "<group>";
		};
		045BA6E929F59FD9005E99A4 /* BaseExtension */ = {
			isa = PBXGroup;
			children = (
				045BA6EA29F5A019005E99A4 /* BaseExtension.swift */,
			);
			path = BaseExtension;
			sourceTree = "<group>";
		};
		045BA6F329F5A228005E99A4 /* CompanyMessangerResources */ = {
			isa = PBXGroup;
			children = (
				045BA6F429F5A259005E99A4 /* CompanyMessangerResources.podspec */,
				045BA6F529F5A289005E99A4 /* CompanyMessangerResources */,
			);
			path = CompanyMessangerResources;
			sourceTree = "<group>";
		};
		045BA6F529F5A289005E99A4 /* CompanyMessangerResources */ = {
			isa = PBXGroup;
			children = (
				045BA6F629F5A293005E99A4 /* Classes */,
				045BA6F729F5A299005E99A4 /* Resources */,
			);
			path = CompanyMessangerResources;
			sourceTree = "<group>";
		};
		045BA6F629F5A293005E99A4 /* Classes */ = {
			isa = PBXGroup;
			children = (
				04D8B2B62A06A9130011F542 /* Extensions */,
				045BA70429F5A330005E99A4 /* Colors */,
				045BA70529F5A338005E99A4 /* Images */,
				045BA70629F5A36D005E99A4 /* Localized */,
			);
			path = Classes;
			sourceTree = "<group>";
		};
		045BA6F729F5A299005E99A4 /* Resources */ = {
			isa = PBXGroup;
			children = (
				04D8B2972A06A7A40011F542 /* Assets.xcassets */,
			);
			path = Resources;
			sourceTree = "<group>";
		};
		045BA70429F5A330005E99A4 /* Colors */ = {
			isa = PBXGroup;
			children = (
				045BA70729F5A39C005E99A4 /* Colors.swift */,
			);
			path = Colors;
			sourceTree = "<group>";
		};
		045BA70529F5A338005E99A4 /* Images */ = {
			isa = PBXGroup;
			children = (
				045BA70829F5A3CD005E99A4 /* Images.swift */,
				04D8B2982A06A8450011F542 /* Images+Common.swift */,
			);
			path = Images;
			sourceTree = "<group>";
		};
		045BA70629F5A36D005E99A4 /* Localized */ = {
			isa = PBXGroup;
			children = (
				045BA70929F5A449005E99A4 /* Localized.swift */,
			);
			path = Localized;
			sourceTree = "<group>";
		};
		045BA71829F5A6C5005E99A4 /* Root */ = {
			isa = PBXGroup;
			children = (
				045BA71A29F5A6E0005E99A4 /* AppDelegate */,
			);
			path = Root;
			sourceTree = "<group>";
		};
		045BA71929F5A6CC005E99A4 /* TabBar */ = {
			isa = PBXGroup;
			children = (
				045BA71F29F5B512005E99A4 /* Coordinator */,
				04D8B1FD2A06855A0011F542 /* View */,
			);
			path = TabBar;
			sourceTree = "<group>";
		};
		045BA71A29F5A6E0005E99A4 /* AppDelegate */ = {
			isa = PBXGroup;
			children = (
				04D467C729F0600B00C81E63 /* AppDelegate.swift */,
			);
			path = AppDelegate;
			sourceTree = "<group>";
		};
		045BA71B29F5A714005E99A4 /* Resources */ = {
			isa = PBXGroup;
			children = (
				04D467D329F0600B00C81E63 /* Assets.xcassets */,
				045BA75229F5C1D2005E99A4 /* Extensions */,
				04D467D529F0600B00C81E63 /* LaunchScreen.storyboard */,
			);
			path = Resources;
			sourceTree = "<group>";
		};
		045BA71C29F5A72B005E99A4 /* CoreData */ = {
			isa = PBXGroup;
			children = (
				04D467D029F0600B00C81E63 /* CompanyMessanger.xcdatamodeld */,
			);
			path = CoreData;
			sourceTree = "<group>";
		};
		045BA71F29F5B512005E99A4 /* Coordinator */ = {
			isa = PBXGroup;
			children = (
				045BA72029F5B535005E99A4 /* TabBarCoordinator.swift */,
			);
			path = Coordinator;
			sourceTree = "<group>";
		};
		045BA72229F5B996005E99A4 /* Home */ = {
			isa = PBXGroup;
			children = (
				045BA72629F5B9DE005E99A4 /* Home.podspec */,
				04B45FE129F8110500D395E4 /* Home */,
			);
			path = Home;
			sourceTree = "<group>";
		};
		045BA72329F5B9A6005E99A4 /* ChatsList */ = {
			isa = PBXGroup;
			children = (
				045BA72529F5B9D1005E99A4 /* ChatsList.podspec */,
				04B45FE029F810E700D395E4 /* ChatsList */,
			);
			path = ChatsList;
			sourceTree = "<group>";
		};
		045BA72429F5B9B3005E99A4 /* Profile */ = {
			isa = PBXGroup;
			children = (
				045BA72829F5B9F0005E99A4 /* Profile.podspec */,
				04B45FE229F8112C00D395E4 /* Profile */,
			);
			path = Profile;
			sourceTree = "<group>";
		};
		045BA72A29F5BA00005E99A4 /* Classes */ = {
			isa = PBXGroup;
			children = (
				04B45F8B29F809C500D395E4 /* Modules */,
			);
			path = Classes;
			sourceTree = "<group>";
		};
		045BA72B29F5BA08005E99A4 /* Resources */ = {
			isa = PBXGroup;
			children = (
			);
			path = Resources;
			sourceTree = "<group>";
		};
		045BA72C29F5BA13005E99A4 /* Classes */ = {
			isa = PBXGroup;
			children = (
				04B45F9029F809F700D395E4 /* Modules */,
			);
			path = Classes;
			sourceTree = "<group>";
		};
		045BA72D29F5BA1B005E99A4 /* Resources */ = {
			isa = PBXGroup;
			children = (
			);
			path = Resources;
			sourceTree = "<group>";
		};
		045BA72E29F5BA23005E99A4 /* Classes */ = {
			isa = PBXGroup;
			children = (
				04B45F9529F80A2400D395E4 /* Modules */,
			);
			path = Classes;
			sourceTree = "<group>";
		};
		045BA72F29F5BA2B005E99A4 /* Resources */ = {
			isa = PBXGroup;
			children = (
				04D8B2952A069FB00011F542 /* Localizable.strings */,
			);
			path = Resources;
			sourceTree = "<group>";
		};
		045BA73C29F5BB50005E99A4 /* Modules */ = {
			isa = PBXGroup;
			children = (
				045BA73E29F5BB5E005E99A4 /* ChatsList */,
				045BA73D29F5BB58005E99A4 /* Home */,
				045BA73F29F5BB6E005E99A4 /* Profile */,
			);
			path = Modules;
			sourceTree = "<group>";
		};
		045BA73D29F5BB58005E99A4 /* Home */ = {
			isa = PBXGroup;
			children = (
				045BA74329F5BB9C005E99A4 /* Assembly */,
				045BA74229F5BB93005E99A4 /* Coordinator */,
			);
			path = Home;
			sourceTree = "<group>";
		};
		045BA73E29F5BB5E005E99A4 /* ChatsList */ = {
			isa = PBXGroup;
			children = (
				045BA74029F5BB78005E99A4 /* Assembly */,
				045BA74129F5BB7F005E99A4 /* Coordinator */,
			);
			path = ChatsList;
			sourceTree = "<group>";
		};
		045BA73F29F5BB6E005E99A4 /* Profile */ = {
			isa = PBXGroup;
			children = (
				045BA74529F5BBBC005E99A4 /* Assembly */,
				045BA74429F5BBB4005E99A4 /* Coordinator */,
			);
			path = Profile;
			sourceTree = "<group>";
		};
		045BA74029F5BB78005E99A4 /* Assembly */ = {
			isa = PBXGroup;
			children = (
				045BA74A29F5BC94005E99A4 /* ChatsListCoordinatorAssembly.swift */,
			);
			path = Assembly;
			sourceTree = "<group>";
		};
		045BA74129F5BB7F005E99A4 /* Coordinator */ = {
			isa = PBXGroup;
			children = (
				045BA74C29F5BCC9005E99A4 /* ChatsListCoordinator.swift */,
			);
			path = Coordinator;
			sourceTree = "<group>";
		};
		045BA74229F5BB93005E99A4 /* Coordinator */ = {
			isa = PBXGroup;
			children = (
				045BA74E29F5BF23005E99A4 /* HomeCoordinator.swift */,
			);
			path = Coordinator;
			sourceTree = "<group>";
		};
		045BA74329F5BB9C005E99A4 /* Assembly */ = {
			isa = PBXGroup;
			children = (
				045BA74829F5BC82005E99A4 /* HomeCoordinatorAssembly.swift */,
			);
			path = Assembly;
			sourceTree = "<group>";
		};
		045BA74429F5BBB4005E99A4 /* Coordinator */ = {
			isa = PBXGroup;
			children = (
				045BA75029F5BFB4005E99A4 /* ProfileCoordinator.swift */,
			);
			path = Coordinator;
			sourceTree = "<group>";
		};
		045BA74529F5BBBC005E99A4 /* Assembly */ = {
			isa = PBXGroup;
			children = (
				045BA74629F5BC72005E99A4 /* ProfileCoordinatorAssembly.swift */,
			);
			path = Assembly;
			sourceTree = "<group>";
		};
		045BA75229F5C1D2005E99A4 /* Extensions */ = {
			isa = PBXGroup;
			children = (
				04D8B2002A0685B30011F542 /* Colors */,
				045BA75329F5C1EF005E99A4 /* Images */,
			);
			path = Extensions;
			sourceTree = "<group>";
		};
		045BA75329F5C1EF005E99A4 /* Images */ = {
			isa = PBXGroup;
			children = (
				045BA75429F5C224005E99A4 /* Images+TabBar.swift */,
			);
			path = Images;
			sourceTree = "<group>";
		};
		049C97C42A0EE7DC0023F991 /* CatDetailed */ = {
			isa = PBXGroup;
			children = (
				049C97C52A0EE7FC0023F991 /* CatDetailed.podspec */,
				049C97C62A0EE8110023F991 /* CatDetailed */,
			);
			path = CatDetailed;
			sourceTree = "<group>";
		};
		049C97C62A0EE8110023F991 /* CatDetailed */ = {
			isa = PBXGroup;
			children = (
				049C97C82A0EE8310023F991 /* Classes */,
				049C97C72A0EE8230023F991 /* Resources */,
			);
			path = CatDetailed;
			sourceTree = "<group>";
		};
		049C97C72A0EE8230023F991 /* Resources */ = {
			isa = PBXGroup;
			children = (
			);
			path = Resources;
			sourceTree = "<group>";
		};
		049C97C82A0EE8310023F991 /* Classes */ = {
			isa = PBXGroup;
			children = (
				049C982F2A0EE9660023F991 /* Adapter */,
				049C97CA2A0EE8500023F991 /* Presenter */,
				049C97C92A0EE84A0023F991 /* View */,
			);
			path = Classes;
			sourceTree = "<group>";
		};
		049C97C92A0EE84A0023F991 /* View */ = {
			isa = PBXGroup;
			children = (
				049C98342A0EEBA40023F991 /* Cells */,
				049C97CC2A0EE87B0023F991 /* CatDetailedViewController.swift */,
				049C97CB2A0EE8710023F991 /* CatDetailedViewIO.swift */,
			);
			path = View;
			sourceTree = "<group>";
		};
		049C97CA2A0EE8500023F991 /* Presenter */ = {
			isa = PBXGroup;
			children = (
				049C97CE2A0EE8940023F991 /* CatDetailedPresenter.swift */,
				049C97CD2A0EE88B0023F991 /* CatDetailedPresenterIO.swift */,
			);
			path = Presenter;
			sourceTree = "<group>";
		};
		049C982F2A0EE9660023F991 /* Adapter */ = {
			isa = PBXGroup;
			children = (
				049C98302A0EEA0A0023F991 /* CatDetailedAdapter.swift */,
				049C98322A0EEA1A0023F991 /* CatDetailedLayoutManager.swift */,
				049C98332A0EEA270023F991 /* CatDetailedSection.swift */,
			);
			path = Adapter;
			sourceTree = "<group>";
		};
		049C98342A0EEBA40023F991 /* Cells */ = {
			isa = PBXGroup;
			children = (
				049C98352A0EEBBF0023F991 /* BreedImagesPagerItemView.swift */,
			);
			path = Cells;
			sourceTree = "<group>";
		};
		04B45F8B29F809C500D395E4 /* Modules */ = {
			isa = PBXGroup;
			children = (
				04B45F8C29F809D000D395E4 /* ChatsList */,
			);
			path = Modules;
			sourceTree = "<group>";
		};
		04B45F8C29F809D000D395E4 /* ChatsList */ = {
			isa = PBXGroup;
			children = (
				044820E72A03081E008A326A /* Adapter */,
				04B45F8F29F809E700D395E4 /* Assembley */,
				04D8B4082A06E35A0011F542 /* Data */,
				04D8B45A2A06F9DE0011F542 /* Paginator */,
				04B45F8E29F809DC00D395E4 /* Presenter */,
				04B45F8D29F809D600D395E4 /* View */,
			);
			path = ChatsList;
			sourceTree = "<group>";
		};
		04B45F8D29F809D600D395E4 /* View */ = {
			isa = PBXGroup;
			children = (
				04D8B2032A0692450011F542 /* Cells */,
				04B45F9A29F80AA100D395E4 /* CatsListViewController.swift */,
				04B45F9B29F80AEE00D395E4 /* CatsListViewIO.swift */,
			);
			path = View;
			sourceTree = "<group>";
		};
		04B45F8E29F809DC00D395E4 /* Presenter */ = {
			isa = PBXGroup;
			children = (
				04B45F9C29F80B2E00D395E4 /* CatsListPresenter.swift */,
				04B45F9D29F80B5E00D395E4 /* CatsListPresenterIO.swift */,
			);
			path = Presenter;
			sourceTree = "<group>";
		};
		04B45F8F29F809E700D395E4 /* Assembley */ = {
			isa = PBXGroup;
			children = (
				04B45F9F29F80B8500D395E4 /* ChatsListAssembley.swift */,
			);
			path = Assembley;
			sourceTree = "<group>";
		};
		04B45F9029F809F700D395E4 /* Modules */ = {
			isa = PBXGroup;
			children = (
				04B45F9129F809FF00D395E4 /* Home */,
			);
			path = Modules;
			sourceTree = "<group>";
		};
		04B45F9129F809FF00D395E4 /* Home */ = {
			isa = PBXGroup;
			children = (
				04B45F9429F80A1200D395E4 /* Assembley */,
				04B45F9329F80A0B00D395E4 /* Presenter */,
				04B45F9229F80A0600D395E4 /* View */,
			);
			path = Home;
			sourceTree = "<group>";
		};
		04B45F9229F80A0600D395E4 /* View */ = {
			isa = PBXGroup;
			children = (
				04B45FA029F80CAA00D395E4 /* HomeViewController.swift */,
				04B45FA129F80CB800D395E4 /* HomeViewIO.swift */,
			);
			path = View;
			sourceTree = "<group>";
		};
		04B45F9329F80A0B00D395E4 /* Presenter */ = {
			isa = PBXGroup;
			children = (
				04B45FA229F80D7900D395E4 /* HomePresenter.swift */,
				04B45FA329F80DBD00D395E4 /* HomePresenterIO.swift */,
			);
			path = Presenter;
			sourceTree = "<group>";
		};
		04B45F9429F80A1200D395E4 /* Assembley */ = {
			isa = PBXGroup;
			children = (
				04B45FA429F80DE200D395E4 /* HomeAssembley.swift */,
			);
			path = Assembley;
			sourceTree = "<group>";
		};
		04B45F9529F80A2400D395E4 /* Modules */ = {
			isa = PBXGroup;
			children = (
				04B45F9629F80A2A00D395E4 /* Profile */,
			);
			path = Modules;
			sourceTree = "<group>";
		};
		04B45F9629F80A2A00D395E4 /* Profile */ = {
			isa = PBXGroup;
			children = (
				04B45F9929F80A3900D395E4 /* Assembley */,
				04B45F9829F80A3300D395E4 /* Presenter */,
				04B45F9729F80A2F00D395E4 /* View */,
			);
			path = Profile;
			sourceTree = "<group>";
		};
		04B45F9729F80A2F00D395E4 /* View */ = {
			isa = PBXGroup;
			children = (
				04B45FA529F80E4800D395E4 /* ProfileViewController.swift */,
				04B45FA629F80E9A00D395E4 /* ProfileViewIO.swift */,
			);
			path = View;
			sourceTree = "<group>";
		};
		04B45F9829F80A3300D395E4 /* Presenter */ = {
			isa = PBXGroup;
			children = (
				04B45FA729F80ECE00D395E4 /* ProfilePresenter.swift */,
				04B45FA829F80F0200D395E4 /* ProfilePresenterIO.swift */,
			);
			path = Presenter;
			sourceTree = "<group>";
		};
		04B45F9929F80A3900D395E4 /* Assembley */ = {
			isa = PBXGroup;
			children = (
				04B45FA929F80F4700D395E4 /* ProfileAssembley.swift */,
			);
			path = Assembley;
			sourceTree = "<group>";
		};
		04B45FE029F810E700D395E4 /* ChatsList */ = {
			isa = PBXGroup;
			children = (
				045BA72A29F5BA00005E99A4 /* Classes */,
				045BA72B29F5BA08005E99A4 /* Resources */,
			);
			path = ChatsList;
			sourceTree = "<group>";
		};
		04B45FE129F8110500D395E4 /* Home */ = {
			isa = PBXGroup;
			children = (
				045BA72C29F5BA13005E99A4 /* Classes */,
				045BA72D29F5BA1B005E99A4 /* Resources */,
			);
			path = Home;
			sourceTree = "<group>";
		};
		04B45FE229F8112C00D395E4 /* Profile */ = {
			isa = PBXGroup;
			children = (
				045BA72E29F5BA23005E99A4 /* Classes */,
				045BA72F29F5BA2B005E99A4 /* Resources */,
			);
			path = Profile;
			sourceTree = "<group>";
		};
		04D467BB29F0600B00C81E63 = {
			isa = PBXGroup;
			children = (
				04F5730029F4625D0013BB49 /* LocalPods */,
				04D467C629F0600B00C81E63 /* CompanyMessanger */,
				04D467E029F0600C00C81E63 /* CompanyMessangerTests */,
				04D467EA29F0600C00C81E63 /* CompanyMessangerUITests */,
				04D467C529F0600B00C81E63 /* Products */,
				90914AFE6687A5FE551D865D /* Pods */,
				252FA93803CBEE1D08BC9BC3 /* Frameworks */,
			);
			sourceTree = "<group>";
		};
		04D467C529F0600B00C81E63 /* Products */ = {
			isa = PBXGroup;
			children = (
				04D467C429F0600B00C81E63 /* CompanyMessanger.app */,
				04D467DD29F0600C00C81E63 /* CompanyMessangerTests.xctest */,
				04D467E729F0600C00C81E63 /* CompanyMessangerUITests.xctest */,
			);
			name = Products;
			sourceTree = "<group>";
		};
		04D467C629F0600B00C81E63 /* CompanyMessanger */ = {
			isa = PBXGroup;
			children = (
				04D8B1FB2A0679680011F542 /* Info.plist */,
				045BA73C29F5BB50005E99A4 /* Modules */,
				045BA71C29F5A72B005E99A4 /* CoreData */,
				045BA71B29F5A714005E99A4 /* Resources */,
				045BA71829F5A6C5005E99A4 /* Root */,
				045BA71929F5A6CC005E99A4 /* TabBar */,
			);
			path = CompanyMessanger;
			sourceTree = "<group>";
		};
		04D467E029F0600C00C81E63 /* CompanyMessangerTests */ = {
			isa = PBXGroup;
			children = (
				04D467E129F0600C00C81E63 /* CompanyMessangerTests.swift */,
			);
			path = CompanyMessangerTests;
			sourceTree = "<group>";
		};
		04D467EA29F0600C00C81E63 /* CompanyMessangerUITests */ = {
			isa = PBXGroup;
			children = (
				04D467EB29F0600C00C81E63 /* CompanyMessangerUITests.swift */,
				04D467ED29F0600C00C81E63 /* CompanyMessangerUITestsLaunchTests.swift */,
			);
			path = CompanyMessangerUITests;
			sourceTree = "<group>";
		};
		04D8B1FD2A06855A0011F542 /* View */ = {
			isa = PBXGroup;
			children = (
				04D8B1FE2A06856E0011F542 /* TabBarViewController.swift */,
			);
			path = View;
			sourceTree = "<group>";
		};
		04D8B2002A0685B30011F542 /* Colors */ = {
			isa = PBXGroup;
			children = (
				04D8B2012A06867E0011F542 /* Colors+TabBar.swift */,
			);
			path = Colors;
			sourceTree = "<group>";
		};
		04D8B2032A0692450011F542 /* Cells */ = {
			isa = PBXGroup;
			children = (
				04D8B2042A0692660011F542 /* CatCardItemView.swift */,
			);
			path = Cells;
			sourceTree = "<group>";
		};
		04D8B2052A06929F0011F542 /* Adapter */ = {
			isa = PBXGroup;
			children = (
				04D8B2062A0692B20011F542 /* ConfigurableView.swift */,
				04D8B22F2A0693E10011F542 /* CollectionViewContainerCell.swift */,
				049C986C2A0EEE5C0023F991 /* ReusableView.swift */,
			);
			path = Adapter;
			sourceTree = "<group>";
		};
		04D8B2B62A06A9130011F542 /* Extensions */ = {
			isa = PBXGroup;
			children = (
				04D8B2B72A06A9240011F542 /* Bundle+Current.swift */,
			);
			path = Extensions;
			sourceTree = "<group>";
		};
		04D8B3632A06AE0A0011F542 /* PropertyWrappers */ = {
			isa = PBXGroup;
			children = (
				04D8B3642A06AE2E0011F542 /* DisplayItemCallback.swift */,
			);
			path = PropertyWrappers;
			sourceTree = "<group>";
		};
		04D8B4082A06E35A0011F542 /* Data */ = {
			isa = PBXGroup;
			children = (
				04D8B40A2A06E3780011F542 /* Entities */,
				04D8B4092A06E3670011F542 /* RemoteDataSource */,
			);
			path = Data;
			sourceTree = "<group>";
		};
		04D8B4092A06E3670011F542 /* RemoteDataSource */ = {
			isa = PBXGroup;
			children = (
				04DE27862A0C367000F22030 /* Endpoints */,
				04D8B40C2A06E4FF0011F542 /* CatsServiceInput.swift */,
				04D8B4352A06E7EB0011F542 /* CatsService.swift */,
			);
			path = RemoteDataSource;
			sourceTree = "<group>";
		};
		04D8B40A2A06E3780011F542 /* Entities */ = {
			isa = PBXGroup;
			children = (
				04D8B40D2A06E5880011F542 /* BreedBase.swift */,
				04D8B40E2A06E5BF0011F542 /* BreedDetailed.swift */,
				04D8B4342A06E7A70011F542 /* BreedImage.swift */,
				04D8B40F2A06E6ED0011F542 /* BreedWeight.swift */,
			);
			path = Entities;
			sourceTree = "<group>";
		};
		04D8B45A2A06F9DE0011F542 /* Paginator */ = {
			isa = PBXGroup;
			children = (
				04D8B47F2A06FA5C0011F542 /* CatsPaginator.swift */,
			);
			path = Paginator;
			sourceTree = "<group>";
		};
		04DE27862A0C367000F22030 /* Endpoints */ = {
			isa = PBXGroup;
			children = (
				04DE27872A0C36ED00F22030 /* BreedsEndpoint.swift */,
				04DE28182A0C396800F22030 /* BreedDetailedEndpoint.swift */,
				04DE28432A0C3A1500F22030 /* ImageByIdEndpoint.swift */,
			);
			path = Endpoints;
			sourceTree = "<group>";
		};
		04DE27882A0C370600F22030 /* BaseNetworking */ = {
			isa = PBXGroup;
			children = (
				04DE27892A0C371700F22030 /* JsonEndpoint.swift */,
				04DE27ED2A0C37DC00F22030 /* RequestPaths.swift */,
				04E934D72A0D757E003A865E /* AppRequestInterceptor.swift */,
			);
			path = BaseNetworking;
			sourceTree = "<group>";
		};
		04E938802A0D7829003A865E /* Assembley */ = {
			isa = PBXGroup;
			children = (
				04E938812A0D7859003A865E /* RootDependencies.swift */,
				04E938822A0D7867003A865E /* GlobalServiceLocator.swift */,
			);
			path = Assembley;
			sourceTree = "<group>";
		};
		04F5730029F4625D0013BB49 /* LocalPods */ = {
			isa = PBXGroup;
			children = (
				04F5730229F4627C0013BB49 /* CompanyMessangerCore */,
				045BA6F329F5A228005E99A4 /* CompanyMessangerResources */,
				04F5730F29F4782A0013BB49 /* CompanyMessangerUIKit */,
				04F5730129F462730013BB49 /* Features */,
			);
			path = LocalPods;
			sourceTree = "<group>";
		};
		04F5730129F462730013BB49 /* Features */ = {
			isa = PBXGroup;
			children = (
				049C97C42A0EE7DC0023F991 /* CatDetailed */,
				045BA72329F5B9A6005E99A4 /* ChatsList */,
				045BA72229F5B996005E99A4 /* Home */,
				045BA72429F5B9B3005E99A4 /* Profile */,
			);
			path = Features;
			sourceTree = "<group>";
		};
		04F5730229F4627C0013BB49 /* CompanyMessangerCore */ = {
			isa = PBXGroup;
			children = (
				04F5730429F466160013BB49 /* CompanyMessangerCore.podspec */,
				045BA6D029F4876F005E99A4 /* CompanyMessangerCore */,
			);
			path = CompanyMessangerCore;
			sourceTree = "<group>";
		};
		04F5730529F468EA0013BB49 /* Classes */ = {
			isa = PBXGroup;
			children = (
				04E938802A0D7829003A865E /* Assembley */,
				04DE27882A0C370600F22030 /* BaseNetworking */,
				04F5731729F47B790013BB49 /* Common */,
				04F5730729F474C80013BB49 /* Coordinator */,
				04F5731529F47A4B0013BB49 /* Extensions */,
				04D8B3632A06AE0A0011F542 /* PropertyWrappers */,
				04F5730929F476960013BB49 /* Routing */,
			);
			path = Classes;
			sourceTree = "<group>";
		};
		04F5730629F468F10013BB49 /* Resources */ = {
			isa = PBXGroup;
			children = (
			);
			path = Resources;
			sourceTree = "<group>";
		};
		04F5730729F474C80013BB49 /* Coordinator */ = {
			isa = PBXGroup;
			children = (
				04F5730829F474E20013BB49 /* BaseCoordinator.swift */,
			);
			path = Coordinator;
			sourceTree = "<group>";
		};
		04F5730929F476960013BB49 /* Routing */ = {
			isa = PBXGroup;
			children = (
				04F5730A29F476FA0013BB49 /* Base */,
			);
			path = Routing;
			sourceTree = "<group>";
		};
		04F5730A29F476FA0013BB49 /* Base */ = {
			isa = PBXGroup;
			children = (
				04F5730B29F476FE0013BB49 /* TransitionHandler */,
			);
			path = Base;
			sourceTree = "<group>";
		};
		04F5730B29F476FE0013BB49 /* TransitionHandler */ = {
			isa = PBXGroup;
			children = (
				04F5730C29F477130013BB49 /* TransitionHandler.swift */,
				04F5730D29F477350013BB49 /* TransitionHandler+DefaultImplementation.swift */,
				04F5730E29F477630013BB49 /* TransitionHandler+UIViewControllerImplementation.swift */,
			);
			path = TransitionHandler;
			sourceTree = "<group>";
		};
		04F5730F29F4782A0013BB49 /* CompanyMessangerUIKit */ = {
			isa = PBXGroup;
			children = (
				04F5731029F478470013BB49 /* CompanyMessangerUIKIt.podspec */,
				045BA6D129F4878B005E99A4 /* CompanyMessangerUIKit */,
			);
			path = CompanyMessangerUIKit;
			sourceTree = "<group>";
		};
		04F5731129F478650013BB49 /* Classes */ = {
			isa = PBXGroup;
			children = (
				04D8B2052A06929F0011F542 /* Adapter */,
				04F5731329F478980013BB49 /* Extensions */,
			);
			path = Classes;
			sourceTree = "<group>";
		};
		04F5731229F4786F0013BB49 /* Resources */ = {
			isa = PBXGroup;
			children = (
			);
			path = Resources;
			sourceTree = "<group>";
		};
		04F5731329F478980013BB49 /* Extensions */ = {
			isa = PBXGroup;
			children = (
				04F5731429F478AF0013BB49 /* UIView.swift */,
			);
			path = Extensions;
			sourceTree = "<group>";
		};
		04F5731529F47A4B0013BB49 /* Extensions */ = {
			isa = PBXGroup;
			children = (
				045BA6E929F59FD9005E99A4 /* BaseExtension */,
				045BA6D729F490DA005E99A4 /* UIKit */,
				04F5731629F47A640013BB49 /* Configurable.swift */,
				04D8B33E2A06AB8E0011F542 /* AlamofireExtensions.swift */,
				04D8B3BB2A06C1950011F542 /* ArrayExtensions.swift */,
			);
			path = Extensions;
			sourceTree = "<group>";
		};
		04F5731729F47B790013BB49 /* Common */ = {
			isa = PBXGroup;
			children = (
				04F5731829F47B860013BB49 /* Closures.swift */,
			);
			path = Common;
			sourceTree = "<group>";
		};
		252FA93803CBEE1D08BC9BC3 /* Frameworks */ = {
			isa = PBXGroup;
			children = (
				E4C8394FE130385F7AA69032 /* Pods_CompanyMessanger.framework */,
				3648ABFCF3E751201988E076 /* Pods_CompanyMessanger_CompanyMessangerUITests.framework */,
				E4BE5AB9BEA35CD4E44D411A /* Pods_CompanyMessangerTests.framework */,
			);
			name = Frameworks;
			sourceTree = "<group>";
		};
		90914AFE6687A5FE551D865D /* Pods */ = {
			isa = PBXGroup;
			children = (
				31D6C4E7BF59D9CB965BAA3C /* Pods-CompanyMessanger.debug.xcconfig */,
				DB95FBF70BECA0C14735EC3E /* Pods-CompanyMessanger.release.xcconfig */,
				8BCD09552E818419EEBD4B9E /* Pods-CompanyMessanger-CompanyMessangerUITests.debug.xcconfig */,
				BFE36A1BDB12437E84A328D3 /* Pods-CompanyMessanger-CompanyMessangerUITests.release.xcconfig */,
				6715E1186DFFE0AFD6AB0074 /* Pods-CompanyMessangerTests.debug.xcconfig */,
				C48B865B053B588FAC29BAA0 /* Pods-CompanyMessangerTests.release.xcconfig */,
			);
			path = Pods;
			sourceTree = "<group>";
		};
/* End PBXGroup section */

/* Begin PBXNativeTarget section */
		04D467C329F0600B00C81E63 /* CompanyMessanger */ = {
			isa = PBXNativeTarget;
			buildConfigurationList = 04D467F129F0600C00C81E63 /* Build configuration list for PBXNativeTarget "CompanyMessanger" */;
			buildPhases = (
				0AC6C1E8C70D05E1E2E9EEFD /* [CP] Check Pods Manifest.lock */,
				04D467C029F0600B00C81E63 /* Sources */,
				04D467C129F0600B00C81E63 /* Frameworks */,
				04D467C229F0600B00C81E63 /* Resources */,
				B419FAA27E81855509B2B1A3 /* [CP] Embed Pods Frameworks */,
			);
			buildRules = (
			);
			dependencies = (
			);
			name = CompanyMessanger;
			productName = CompanyMessanger;
			productReference = 04D467C429F0600B00C81E63 /* CompanyMessanger.app */;
			productType = "com.apple.product-type.application";
		};
		04D467DC29F0600C00C81E63 /* CompanyMessangerTests */ = {
			isa = PBXNativeTarget;
			buildConfigurationList = 04D467F429F0600C00C81E63 /* Build configuration list for PBXNativeTarget "CompanyMessangerTests" */;
			buildPhases = (
				B63AF3E1B3FBC78D192100AF /* [CP] Check Pods Manifest.lock */,
				04D467D929F0600C00C81E63 /* Sources */,
				04D467DA29F0600C00C81E63 /* Frameworks */,
				04D467DB29F0600C00C81E63 /* Resources */,
			);
			buildRules = (
			);
			dependencies = (
				04D467DF29F0600C00C81E63 /* PBXTargetDependency */,
			);
			name = CompanyMessangerTests;
			productName = CompanyMessangerTests;
			productReference = 04D467DD29F0600C00C81E63 /* CompanyMessangerTests.xctest */;
			productType = "com.apple.product-type.bundle.unit-test";
		};
		04D467E629F0600C00C81E63 /* CompanyMessangerUITests */ = {
			isa = PBXNativeTarget;
			buildConfigurationList = 04D467F729F0600C00C81E63 /* Build configuration list for PBXNativeTarget "CompanyMessangerUITests" */;
			buildPhases = (
				F2C27E01616D1D232427AAC0 /* [CP] Check Pods Manifest.lock */,
				04D467E329F0600C00C81E63 /* Sources */,
				04D467E429F0600C00C81E63 /* Frameworks */,
				04D467E529F0600C00C81E63 /* Resources */,
				3EC436543ACB0923D6D1F018 /* [CP] Embed Pods Frameworks */,
			);
			buildRules = (
			);
			dependencies = (
				04D467E929F0600C00C81E63 /* PBXTargetDependency */,
			);
			name = CompanyMessangerUITests;
			productName = CompanyMessangerUITests;
			productReference = 04D467E729F0600C00C81E63 /* CompanyMessangerUITests.xctest */;
			productType = "com.apple.product-type.bundle.ui-testing";
		};
/* End PBXNativeTarget section */

/* Begin PBXProject section */
		04D467BC29F0600B00C81E63 /* Project object */ = {
			isa = PBXProject;
			attributes = {
				BuildIndependentTargetsInParallel = 1;
				LastSwiftUpdateCheck = 1420;
				LastUpgradeCheck = 1420;
				TargetAttributes = {
					04D467C329F0600B00C81E63 = {
						CreatedOnToolsVersion = 14.2;
					};
					04D467DC29F0600C00C81E63 = {
						CreatedOnToolsVersion = 14.2;
						TestTargetID = 04D467C329F0600B00C81E63;
					};
					04D467E629F0600C00C81E63 = {
						CreatedOnToolsVersion = 14.2;
						TestTargetID = 04D467C329F0600B00C81E63;
					};
				};
			};
			buildConfigurationList = 04D467BF29F0600B00C81E63 /* Build configuration list for PBXProject "CompanyMessanger" */;
			compatibilityVersion = "Xcode 14.0";
			developmentRegion = en;
			hasScannedForEncodings = 0;
			knownRegions = (
				en,
				Base,
			);
			mainGroup = 04D467BB29F0600B00C81E63;
			productRefGroup = 04D467C529F0600B00C81E63 /* Products */;
			projectDirPath = "";
			projectRoot = "";
			targets = (
				04D467C329F0600B00C81E63 /* CompanyMessanger */,
				04D467DC29F0600C00C81E63 /* CompanyMessangerTests */,
				04D467E629F0600C00C81E63 /* CompanyMessangerUITests */,
			);
		};
/* End PBXProject section */

/* Begin PBXResourcesBuildPhase section */
		04D467C229F0600B00C81E63 /* Resources */ = {
			isa = PBXResourcesBuildPhase;
			buildActionMask = 2147483647;
			files = (
				045BA72929F5B9F0005E99A4 /* Profile.podspec in Resources */,
				045BA72729F5B9DE005E99A4 /* Home.podspec in Resources */,
				04D467D729F0600B00C81E63 /* LaunchScreen.storyboard in Resources */,
				04D467D429F0600B00C81E63 /* Assets.xcassets in Resources */,
			);
			runOnlyForDeploymentPostprocessing = 0;
		};
		04D467DB29F0600C00C81E63 /* Resources */ = {
			isa = PBXResourcesBuildPhase;
			buildActionMask = 2147483647;
			files = (
			);
			runOnlyForDeploymentPostprocessing = 0;
		};
		04D467E529F0600C00C81E63 /* Resources */ = {
			isa = PBXResourcesBuildPhase;
			buildActionMask = 2147483647;
			files = (
			);
			runOnlyForDeploymentPostprocessing = 0;
		};
/* End PBXResourcesBuildPhase section */

/* Begin PBXShellScriptBuildPhase section */
		0AC6C1E8C70D05E1E2E9EEFD /* [CP] Check Pods Manifest.lock */ = {
			isa = PBXShellScriptBuildPhase;
			buildActionMask = 2147483647;
			files = (
			);
			inputFileListPaths = (
			);
			inputPaths = (
				"${PODS_PODFILE_DIR_PATH}/Podfile.lock",
				"${PODS_ROOT}/Manifest.lock",
			);
			name = "[CP] Check Pods Manifest.lock";
			outputFileListPaths = (
			);
			outputPaths = (
				"$(DERIVED_FILE_DIR)/Pods-CompanyMessanger-checkManifestLockResult.txt",
			);
			runOnlyForDeploymentPostprocessing = 0;
			shellPath = /bin/sh;
			shellScript = "diff \"${PODS_PODFILE_DIR_PATH}/Podfile.lock\" \"${PODS_ROOT}/Manifest.lock\" > /dev/null\nif [ $? != 0 ] ; then\n    # print error to STDERR\n    echo \"error: The sandbox is not in sync with the Podfile.lock. Run 'pod install' or update your CocoaPods installation.\" >&2\n    exit 1\nfi\n# This output is used by Xcode 'outputs' to avoid re-running this script phase.\necho \"SUCCESS\" > \"${SCRIPT_OUTPUT_FILE_0}\"\n";
			showEnvVarsInLog = 0;
		};
		3EC436543ACB0923D6D1F018 /* [CP] Embed Pods Frameworks */ = {
			isa = PBXShellScriptBuildPhase;
			buildActionMask = 2147483647;
			files = (
			);
			inputFileListPaths = (
				"${PODS_ROOT}/Target Support Files/Pods-CompanyMessanger-CompanyMessangerUITests/Pods-CompanyMessanger-CompanyMessangerUITests-frameworks-${CONFIGURATION}-input-files.xcfilelist",
			);
			name = "[CP] Embed Pods Frameworks";
			outputFileListPaths = (
				"${PODS_ROOT}/Target Support Files/Pods-CompanyMessanger-CompanyMessangerUITests/Pods-CompanyMessanger-CompanyMessangerUITests-frameworks-${CONFIGURATION}-output-files.xcfilelist",
			);
			runOnlyForDeploymentPostprocessing = 0;
			shellPath = /bin/sh;
			shellScript = "\"${PODS_ROOT}/Target Support Files/Pods-CompanyMessanger-CompanyMessangerUITests/Pods-CompanyMessanger-CompanyMessangerUITests-frameworks.sh\"\n";
			showEnvVarsInLog = 0;
		};
		B419FAA27E81855509B2B1A3 /* [CP] Embed Pods Frameworks */ = {
			isa = PBXShellScriptBuildPhase;
			buildActionMask = 2147483647;
			files = (
			);
			inputFileListPaths = (
				"${PODS_ROOT}/Target Support Files/Pods-CompanyMessanger/Pods-CompanyMessanger-frameworks-${CONFIGURATION}-input-files.xcfilelist",
			);
			name = "[CP] Embed Pods Frameworks";
			outputFileListPaths = (
				"${PODS_ROOT}/Target Support Files/Pods-CompanyMessanger/Pods-CompanyMessanger-frameworks-${CONFIGURATION}-output-files.xcfilelist",
			);
			runOnlyForDeploymentPostprocessing = 0;
			shellPath = /bin/sh;
			shellScript = "\"${PODS_ROOT}/Target Support Files/Pods-CompanyMessanger/Pods-CompanyMessanger-frameworks.sh\"\n";
			showEnvVarsInLog = 0;
		};
		B63AF3E1B3FBC78D192100AF /* [CP] Check Pods Manifest.lock */ = {
			isa = PBXShellScriptBuildPhase;
			buildActionMask = 2147483647;
			files = (
			);
			inputFileListPaths = (
			);
			inputPaths = (
				"${PODS_PODFILE_DIR_PATH}/Podfile.lock",
				"${PODS_ROOT}/Manifest.lock",
			);
			name = "[CP] Check Pods Manifest.lock";
			outputFileListPaths = (
			);
			outputPaths = (
				"$(DERIVED_FILE_DIR)/Pods-CompanyMessangerTests-checkManifestLockResult.txt",
			);
			runOnlyForDeploymentPostprocessing = 0;
			shellPath = /bin/sh;
			shellScript = "diff \"${PODS_PODFILE_DIR_PATH}/Podfile.lock\" \"${PODS_ROOT}/Manifest.lock\" > /dev/null\nif [ $? != 0 ] ; then\n    # print error to STDERR\n    echo \"error: The sandbox is not in sync with the Podfile.lock. Run 'pod install' or update your CocoaPods installation.\" >&2\n    exit 1\nfi\n# This output is used by Xcode 'outputs' to avoid re-running this script phase.\necho \"SUCCESS\" > \"${SCRIPT_OUTPUT_FILE_0}\"\n";
			showEnvVarsInLog = 0;
		};
		F2C27E01616D1D232427AAC0 /* [CP] Check Pods Manifest.lock */ = {
			isa = PBXShellScriptBuildPhase;
			buildActionMask = 2147483647;
			files = (
			);
			inputFileListPaths = (
			);
			inputPaths = (
				"${PODS_PODFILE_DIR_PATH}/Podfile.lock",
				"${PODS_ROOT}/Manifest.lock",
			);
			name = "[CP] Check Pods Manifest.lock";
			outputFileListPaths = (
			);
			outputPaths = (
				"$(DERIVED_FILE_DIR)/Pods-CompanyMessanger-CompanyMessangerUITests-checkManifestLockResult.txt",
			);
			runOnlyForDeploymentPostprocessing = 0;
			shellPath = /bin/sh;
			shellScript = "diff \"${PODS_PODFILE_DIR_PATH}/Podfile.lock\" \"${PODS_ROOT}/Manifest.lock\" > /dev/null\nif [ $? != 0 ] ; then\n    # print error to STDERR\n    echo \"error: The sandbox is not in sync with the Podfile.lock. Run 'pod install' or update your CocoaPods installation.\" >&2\n    exit 1\nfi\n# This output is used by Xcode 'outputs' to avoid re-running this script phase.\necho \"SUCCESS\" > \"${SCRIPT_OUTPUT_FILE_0}\"\n";
			showEnvVarsInLog = 0;
		};
/* End PBXShellScriptBuildPhase section */

/* Begin PBXSourcesBuildPhase section */
		04D467C029F0600B00C81E63 /* Sources */ = {
			isa = PBXSourcesBuildPhase;
			buildActionMask = 2147483647;
			files = (
				045BA74D29F5BCC9005E99A4 /* ChatsListCoordinator.swift in Sources */,
				045BA74729F5BC72005E99A4 /* ProfileCoordinatorAssembly.swift in Sources */,
				04D8B1FF2A06856E0011F542 /* TabBarViewController.swift in Sources */,
				045BA74F29F5BF23005E99A4 /* HomeCoordinator.swift in Sources */,
				045BA74B29F5BC94005E99A4 /* ChatsListCoordinatorAssembly.swift in Sources */,
				04D467D229F0600B00C81E63 /* CompanyMessanger.xcdatamodeld in Sources */,
				049C98312A0EEA0A0023F991 /* CatDetailedAdapter.swift in Sources */,
				045BA72129F5B535005E99A4 /* TabBarCoordinator.swift in Sources */,
				04D8B2022A06867E0011F542 /* Colors+TabBar.swift in Sources */,
				045BA75529F5C224005E99A4 /* Images+TabBar.swift in Sources */,
				04D467C829F0600B00C81E63 /* AppDelegate.swift in Sources */,
				045BA75129F5BFB4005E99A4 /* ProfileCoordinator.swift in Sources */,
				045BA74929F5BC82005E99A4 /* HomeCoordinatorAssembly.swift in Sources */,
			);
			runOnlyForDeploymentPostprocessing = 0;
		};
		04D467D929F0600C00C81E63 /* Sources */ = {
			isa = PBXSourcesBuildPhase;
			buildActionMask = 2147483647;
			files = (
				04D467E229F0600C00C81E63 /* CompanyMessangerTests.swift in Sources */,
			);
			runOnlyForDeploymentPostprocessing = 0;
		};
		04D467E329F0600C00C81E63 /* Sources */ = {
			isa = PBXSourcesBuildPhase;
			buildActionMask = 2147483647;
			files = (
				04D467EE29F0600C00C81E63 /* CompanyMessangerUITestsLaunchTests.swift in Sources */,
				04D467EC29F0600C00C81E63 /* CompanyMessangerUITests.swift in Sources */,
			);
			runOnlyForDeploymentPostprocessing = 0;
		};
/* End PBXSourcesBuildPhase section */

/* Begin PBXTargetDependency section */
		04D467DF29F0600C00C81E63 /* PBXTargetDependency */ = {
			isa = PBXTargetDependency;
			target = 04D467C329F0600B00C81E63 /* CompanyMessanger */;
			targetProxy = 04D467DE29F0600C00C81E63 /* PBXContainerItemProxy */;
		};
		04D467E929F0600C00C81E63 /* PBXTargetDependency */ = {
			isa = PBXTargetDependency;
			target = 04D467C329F0600B00C81E63 /* CompanyMessanger */;
			targetProxy = 04D467E829F0600C00C81E63 /* PBXContainerItemProxy */;
		};
/* End PBXTargetDependency section */

/* Begin PBXVariantGroup section */
		04D467D529F0600B00C81E63 /* LaunchScreen.storyboard */ = {
			isa = PBXVariantGroup;
			children = (
				04D467D629F0600B00C81E63 /* Base */,
			);
			name = LaunchScreen.storyboard;
			sourceTree = "<group>";
		};
/* End PBXVariantGroup section */

/* Begin XCBuildConfiguration section */
		04D467EF29F0600C00C81E63 /* Debug */ = {
			isa = XCBuildConfiguration;
			buildSettings = {
				ALWAYS_SEARCH_USER_PATHS = NO;
				CLANG_ANALYZER_NONNULL = YES;
				CLANG_ANALYZER_NUMBER_OBJECT_CONVERSION = YES_AGGRESSIVE;
				CLANG_CXX_LANGUAGE_STANDARD = "gnu++20";
				CLANG_ENABLE_MODULES = YES;
				CLANG_ENABLE_OBJC_ARC = YES;
				CLANG_ENABLE_OBJC_WEAK = YES;
				CLANG_WARN_BLOCK_CAPTURE_AUTORELEASING = YES;
				CLANG_WARN_BOOL_CONVERSION = YES;
				CLANG_WARN_COMMA = YES;
				CLANG_WARN_CONSTANT_CONVERSION = YES;
				CLANG_WARN_DEPRECATED_OBJC_IMPLEMENTATIONS = YES;
				CLANG_WARN_DIRECT_OBJC_ISA_USAGE = YES_ERROR;
				CLANG_WARN_DOCUMENTATION_COMMENTS = YES;
				CLANG_WARN_EMPTY_BODY = YES;
				CLANG_WARN_ENUM_CONVERSION = YES;
				CLANG_WARN_INFINITE_RECURSION = YES;
				CLANG_WARN_INT_CONVERSION = YES;
				CLANG_WARN_NON_LITERAL_NULL_CONVERSION = YES;
				CLANG_WARN_OBJC_IMPLICIT_RETAIN_SELF = YES;
				CLANG_WARN_OBJC_LITERAL_CONVERSION = YES;
				CLANG_WARN_OBJC_ROOT_CLASS = YES_ERROR;
				CLANG_WARN_QUOTED_INCLUDE_IN_FRAMEWORK_HEADER = YES;
				CLANG_WARN_RANGE_LOOP_ANALYSIS = YES;
				CLANG_WARN_STRICT_PROTOTYPES = YES;
				CLANG_WARN_SUSPICIOUS_MOVE = YES;
				CLANG_WARN_UNGUARDED_AVAILABILITY = YES_AGGRESSIVE;
				CLANG_WARN_UNREACHABLE_CODE = YES;
				CLANG_WARN__DUPLICATE_METHOD_MATCH = YES;
				COPY_PHASE_STRIP = NO;
				DEBUG_INFORMATION_FORMAT = dwarf;
				ENABLE_STRICT_OBJC_MSGSEND = YES;
				ENABLE_TESTABILITY = YES;
				GCC_C_LANGUAGE_STANDARD = gnu11;
				GCC_DYNAMIC_NO_PIC = NO;
				GCC_NO_COMMON_BLOCKS = YES;
				GCC_OPTIMIZATION_LEVEL = 0;
				GCC_PREPROCESSOR_DEFINITIONS = (
					"DEBUG=1",
					"$(inherited)",
				);
				GCC_WARN_64_TO_32_BIT_CONVERSION = YES;
				GCC_WARN_ABOUT_RETURN_TYPE = YES_ERROR;
				GCC_WARN_UNDECLARED_SELECTOR = YES;
				GCC_WARN_UNINITIALIZED_AUTOS = YES_AGGRESSIVE;
				GCC_WARN_UNUSED_FUNCTION = YES;
				GCC_WARN_UNUSED_VARIABLE = YES;
				IPHONEOS_DEPLOYMENT_TARGET = 16.2;
				MTL_ENABLE_DEBUG_INFO = INCLUDE_SOURCE;
				MTL_FAST_MATH = YES;
				ONLY_ACTIVE_ARCH = YES;
				SDKROOT = iphoneos;
				SWIFT_ACTIVE_COMPILATION_CONDITIONS = DEBUG;
				SWIFT_OPTIMIZATION_LEVEL = "-Onone";
			};
			name = Debug;
		};
		04D467F029F0600C00C81E63 /* Release */ = {
			isa = XCBuildConfiguration;
			buildSettings = {
				ALWAYS_SEARCH_USER_PATHS = NO;
				CLANG_ANALYZER_NONNULL = YES;
				CLANG_ANALYZER_NUMBER_OBJECT_CONVERSION = YES_AGGRESSIVE;
				CLANG_CXX_LANGUAGE_STANDARD = "gnu++20";
				CLANG_ENABLE_MODULES = YES;
				CLANG_ENABLE_OBJC_ARC = YES;
				CLANG_ENABLE_OBJC_WEAK = YES;
				CLANG_WARN_BLOCK_CAPTURE_AUTORELEASING = YES;
				CLANG_WARN_BOOL_CONVERSION = YES;
				CLANG_WARN_COMMA = YES;
				CLANG_WARN_CONSTANT_CONVERSION = YES;
				CLANG_WARN_DEPRECATED_OBJC_IMPLEMENTATIONS = YES;
				CLANG_WARN_DIRECT_OBJC_ISA_USAGE = YES_ERROR;
				CLANG_WARN_DOCUMENTATION_COMMENTS = YES;
				CLANG_WARN_EMPTY_BODY = YES;
				CLANG_WARN_ENUM_CONVERSION = YES;
				CLANG_WARN_INFINITE_RECURSION = YES;
				CLANG_WARN_INT_CONVERSION = YES;
				CLANG_WARN_NON_LITERAL_NULL_CONVERSION = YES;
				CLANG_WARN_OBJC_IMPLICIT_RETAIN_SELF = YES;
				CLANG_WARN_OBJC_LITERAL_CONVERSION = YES;
				CLANG_WARN_OBJC_ROOT_CLASS = YES_ERROR;
				CLANG_WARN_QUOTED_INCLUDE_IN_FRAMEWORK_HEADER = YES;
				CLANG_WARN_RANGE_LOOP_ANALYSIS = YES;
				CLANG_WARN_STRICT_PROTOTYPES = YES;
				CLANG_WARN_SUSPICIOUS_MOVE = YES;
				CLANG_WARN_UNGUARDED_AVAILABILITY = YES_AGGRESSIVE;
				CLANG_WARN_UNREACHABLE_CODE = YES;
				CLANG_WARN__DUPLICATE_METHOD_MATCH = YES;
				COPY_PHASE_STRIP = NO;
				DEBUG_INFORMATION_FORMAT = "dwarf-with-dsym";
				ENABLE_NS_ASSERTIONS = NO;
				ENABLE_STRICT_OBJC_MSGSEND = YES;
				GCC_C_LANGUAGE_STANDARD = gnu11;
				GCC_NO_COMMON_BLOCKS = YES;
				GCC_WARN_64_TO_32_BIT_CONVERSION = YES;
				GCC_WARN_ABOUT_RETURN_TYPE = YES_ERROR;
				GCC_WARN_UNDECLARED_SELECTOR = YES;
				GCC_WARN_UNINITIALIZED_AUTOS = YES_AGGRESSIVE;
				GCC_WARN_UNUSED_FUNCTION = YES;
				GCC_WARN_UNUSED_VARIABLE = YES;
				IPHONEOS_DEPLOYMENT_TARGET = 16.2;
				MTL_ENABLE_DEBUG_INFO = NO;
				MTL_FAST_MATH = YES;
				SDKROOT = iphoneos;
				SWIFT_COMPILATION_MODE = wholemodule;
				SWIFT_OPTIMIZATION_LEVEL = "-O";
				VALIDATE_PRODUCT = YES;
			};
			name = Release;
		};
		04D467F229F0600C00C81E63 /* Debug */ = {
			isa = XCBuildConfiguration;
			baseConfigurationReference = 31D6C4E7BF59D9CB965BAA3C /* Pods-CompanyMessanger.debug.xcconfig */;
			buildSettings = {
				ASSETCATALOG_COMPILER_APPICON_NAME = AppIcon;
				ASSETCATALOG_COMPILER_GLOBAL_ACCENT_COLOR_NAME = AccentColor;
				CODE_SIGN_STYLE = Automatic;
				CURRENT_PROJECT_VERSION = 1;
				DEVELOPMENT_TEAM = 3D24PQ5MQD;
				GENERATE_INFOPLIST_FILE = YES;
				INFOPLIST_FILE = CompanyMessanger/Info.plist;
				INFOPLIST_KEY_LSApplicationCategoryType = "";
				INFOPLIST_KEY_UIApplicationSupportsIndirectInputEvents = YES;
				INFOPLIST_KEY_UILaunchStoryboardName = LaunchScreen;
				INFOPLIST_KEY_UISupportedInterfaceOrientations = UIInterfaceOrientationPortrait;
				IPHONEOS_DEPLOYMENT_TARGET = 15.0;
				LD_RUNPATH_SEARCH_PATHS = (
					"$(inherited)",
					"@executable_path/Frameworks",
				);
				MARKETING_VERSION = 1.0;
				PRODUCT_BUNDLE_IDENTIFIER = anisimov.CompanyMessanger;
				PRODUCT_NAME = "$(TARGET_NAME)";
				SWIFT_EMIT_LOC_STRINGS = YES;
				SWIFT_VERSION = 5.0;
				TARGETED_DEVICE_FAMILY = "1,2";
			};
			name = Debug;
		};
		04D467F329F0600C00C81E63 /* Release */ = {
			isa = XCBuildConfiguration;
			baseConfigurationReference = DB95FBF70BECA0C14735EC3E /* Pods-CompanyMessanger.release.xcconfig */;
			buildSettings = {
				ASSETCATALOG_COMPILER_APPICON_NAME = AppIcon;
				ASSETCATALOG_COMPILER_GLOBAL_ACCENT_COLOR_NAME = AccentColor;
				CODE_SIGN_STYLE = Automatic;
				CURRENT_PROJECT_VERSION = 1;
				DEVELOPMENT_TEAM = 3D24PQ5MQD;
				GENERATE_INFOPLIST_FILE = YES;
				INFOPLIST_FILE = CompanyMessanger/Info.plist;
				INFOPLIST_KEY_LSApplicationCategoryType = "";
				INFOPLIST_KEY_UIApplicationSupportsIndirectInputEvents = YES;
				INFOPLIST_KEY_UILaunchStoryboardName = LaunchScreen;
				INFOPLIST_KEY_UISupportedInterfaceOrientations = UIInterfaceOrientationPortrait;
				IPHONEOS_DEPLOYMENT_TARGET = 15.0;
				LD_RUNPATH_SEARCH_PATHS = (
					"$(inherited)",
					"@executable_path/Frameworks",
				);
				MARKETING_VERSION = 1.0;
				PRODUCT_BUNDLE_IDENTIFIER = anisimov.CompanyMessanger;
				PRODUCT_NAME = "$(TARGET_NAME)";
				SWIFT_EMIT_LOC_STRINGS = YES;
				SWIFT_VERSION = 5.0;
				TARGETED_DEVICE_FAMILY = "1,2";
			};
			name = Release;
		};
		04D467F529F0600C00C81E63 /* Debug */ = {
			isa = XCBuildConfiguration;
			baseConfigurationReference = 6715E1186DFFE0AFD6AB0074 /* Pods-CompanyMessangerTests.debug.xcconfig */;
			buildSettings = {
				ALWAYS_EMBED_SWIFT_STANDARD_LIBRARIES = YES;
				BUNDLE_LOADER = "$(TEST_HOST)";
				CODE_SIGN_STYLE = Automatic;
				CURRENT_PROJECT_VERSION = 1;
				DEVELOPMENT_TEAM = 3D24PQ5MQD;
				GENERATE_INFOPLIST_FILE = YES;
				IPHONEOS_DEPLOYMENT_TARGET = 16.2;
				MARKETING_VERSION = 1.0;
				PRODUCT_BUNDLE_IDENTIFIER = anisimov.CompanyMessangerTests;
				PRODUCT_NAME = "$(TARGET_NAME)";
				SWIFT_EMIT_LOC_STRINGS = NO;
				SWIFT_VERSION = 5.0;
				TARGETED_DEVICE_FAMILY = "1,2";
				TEST_HOST = "$(BUILT_PRODUCTS_DIR)/CompanyMessanger.app/$(BUNDLE_EXECUTABLE_FOLDER_PATH)/CompanyMessanger";
			};
			name = Debug;
		};
		04D467F629F0600C00C81E63 /* Release */ = {
			isa = XCBuildConfiguration;
			baseConfigurationReference = C48B865B053B588FAC29BAA0 /* Pods-CompanyMessangerTests.release.xcconfig */;
			buildSettings = {
				ALWAYS_EMBED_SWIFT_STANDARD_LIBRARIES = YES;
				BUNDLE_LOADER = "$(TEST_HOST)";
				CODE_SIGN_STYLE = Automatic;
				CURRENT_PROJECT_VERSION = 1;
				DEVELOPMENT_TEAM = 3D24PQ5MQD;
				GENERATE_INFOPLIST_FILE = YES;
				IPHONEOS_DEPLOYMENT_TARGET = 16.2;
				MARKETING_VERSION = 1.0;
				PRODUCT_BUNDLE_IDENTIFIER = anisimov.CompanyMessangerTests;
				PRODUCT_NAME = "$(TARGET_NAME)";
				SWIFT_EMIT_LOC_STRINGS = NO;
				SWIFT_VERSION = 5.0;
				TARGETED_DEVICE_FAMILY = "1,2";
				TEST_HOST = "$(BUILT_PRODUCTS_DIR)/CompanyMessanger.app/$(BUNDLE_EXECUTABLE_FOLDER_PATH)/CompanyMessanger";
			};
			name = Release;
		};
		04D467F829F0600C00C81E63 /* Debug */ = {
			isa = XCBuildConfiguration;
			baseConfigurationReference = 8BCD09552E818419EEBD4B9E /* Pods-CompanyMessanger-CompanyMessangerUITests.debug.xcconfig */;
			buildSettings = {
				ALWAYS_EMBED_SWIFT_STANDARD_LIBRARIES = YES;
				CODE_SIGN_STYLE = Automatic;
				CURRENT_PROJECT_VERSION = 1;
				DEVELOPMENT_TEAM = 3D24PQ5MQD;
				GENERATE_INFOPLIST_FILE = YES;
				MARKETING_VERSION = 1.0;
				PRODUCT_BUNDLE_IDENTIFIER = anisimov.CompanyMessangerUITests;
				PRODUCT_NAME = "$(TARGET_NAME)";
				SWIFT_EMIT_LOC_STRINGS = NO;
				SWIFT_VERSION = 5.0;
				TARGETED_DEVICE_FAMILY = "1,2";
				TEST_TARGET_NAME = CompanyMessanger;
			};
			name = Debug;
		};
		04D467F929F0600C00C81E63 /* Release */ = {
			isa = XCBuildConfiguration;
			baseConfigurationReference = BFE36A1BDB12437E84A328D3 /* Pods-CompanyMessanger-CompanyMessangerUITests.release.xcconfig */;
			buildSettings = {
				ALWAYS_EMBED_SWIFT_STANDARD_LIBRARIES = YES;
				CODE_SIGN_STYLE = Automatic;
				CURRENT_PROJECT_VERSION = 1;
				DEVELOPMENT_TEAM = 3D24PQ5MQD;
				GENERATE_INFOPLIST_FILE = YES;
				MARKETING_VERSION = 1.0;
				PRODUCT_BUNDLE_IDENTIFIER = anisimov.CompanyMessangerUITests;
				PRODUCT_NAME = "$(TARGET_NAME)";
				SWIFT_EMIT_LOC_STRINGS = NO;
				SWIFT_VERSION = 5.0;
				TARGETED_DEVICE_FAMILY = "1,2";
				TEST_TARGET_NAME = CompanyMessanger;
			};
			name = Release;
		};
/* End XCBuildConfiguration section */

/* Begin XCConfigurationList section */
		04D467BF29F0600B00C81E63 /* Build configuration list for PBXProject "CompanyMessanger" */ = {
			isa = XCConfigurationList;
			buildConfigurations = (
				04D467EF29F0600C00C81E63 /* Debug */,
				04D467F029F0600C00C81E63 /* Release */,
			);
			defaultConfigurationIsVisible = 0;
			defaultConfigurationName = Release;
		};
		04D467F129F0600C00C81E63 /* Build configuration list for PBXNativeTarget "CompanyMessanger" */ = {
			isa = XCConfigurationList;
			buildConfigurations = (
				04D467F229F0600C00C81E63 /* Debug */,
				04D467F329F0600C00C81E63 /* Release */,
			);
			defaultConfigurationIsVisible = 0;
			defaultConfigurationName = Release;
		};
		04D467F429F0600C00C81E63 /* Build configuration list for PBXNativeTarget "CompanyMessangerTests" */ = {
			isa = XCConfigurationList;
			buildConfigurations = (
				04D467F529F0600C00C81E63 /* Debug */,
				04D467F629F0600C00C81E63 /* Release */,
			);
			defaultConfigurationIsVisible = 0;
			defaultConfigurationName = Release;
		};
		04D467F729F0600C00C81E63 /* Build configuration list for PBXNativeTarget "CompanyMessangerUITests" */ = {
			isa = XCConfigurationList;
			buildConfigurations = (
				04D467F829F0600C00C81E63 /* Debug */,
				04D467F929F0600C00C81E63 /* Release */,
			);
			defaultConfigurationIsVisible = 0;
			defaultConfigurationName = Release;
		};
/* End XCConfigurationList section */

/* Begin XCVersionGroup section */
		04D467D029F0600B00C81E63 /* CompanyMessanger.xcdatamodeld */ = {
			isa = XCVersionGroup;
			children = (
				04D467D129F0600B00C81E63 /* CompanyMessanger.xcdatamodel */,
			);
			currentVersion = 04D467D129F0600B00C81E63 /* CompanyMessanger.xcdatamodel */;
			path = CompanyMessanger.xcdatamodeld;
			sourceTree = "<group>";
			versionGroupType = wrapper.xcdatamodel;
		};
/* End XCVersionGroup section */
	};
	rootObject = 04D467BC29F0600B00C81E63 /* Project object */;
}
